// !$*UTF8*$!
{
	archiveVersion = 1;
	classes = {
	};
	objectVersion = 45;
	objects = {

/* Begin PBXBuildFile section */
		1D3623260D0F684500981E51 /* AlausRadarasAppDelegate.m in Sources */ = {isa = PBXBuildFile; fileRef = 1D3623250D0F684500981E51 /* AlausRadarasAppDelegate.m */; };
		1D60589B0D05DD56006BFB54 /* main.m in Sources */ = {isa = PBXBuildFile; fileRef = 29B97316FDCFA39411CA2CEA /* main.m */; };
		1D60589F0D05DD5A006BFB54 /* Foundation.framework in Frameworks */ = {isa = PBXBuildFile; fileRef = 1D30AB110D05D00D00671497 /* Foundation.framework */; };
		1DF5F4E00D08C38300B7A737 /* UIKit.framework in Frameworks */ = {isa = PBXBuildFile; fileRef = 1DF5F4DF0D08C38300B7A737 /* UIKit.framework */; };
		288765A50DF7441C002DB57D /* CoreGraphics.framework in Frameworks */ = {isa = PBXBuildFile; fileRef = 288765A40DF7441C002DB57D /* CoreGraphics.framework */; };
		2899E5220DE3E06400AC0155 /* AlausRadarasViewController.xib in Resources */ = {isa = PBXBuildFile; fileRef = 2899E5210DE3E06400AC0155 /* AlausRadarasViewController.xib */; };
		28AD733F0D9D9553002E5188 /* MainWindow.xib in Resources */ = {isa = PBXBuildFile; fileRef = 28AD733E0D9D9553002E5188 /* MainWindow.xib */; };
		28D7ACF80DDB3853001CB0EB /* AlausRadarasViewController.m in Sources */ = {isa = PBXBuildFile; fileRef = 28D7ACF70DDB3853001CB0EB /* AlausRadarasViewController.m */; };
		C92E59AB12EE146E00412BFA /* BrandsTableCell.m in Sources */ = {isa = PBXBuildFile; fileRef = C92E59A912EE146E00412BFA /* BrandsTableCell.m */; };
		C92E59AC12EE146E00412BFA /* BrandsTableCell.xib in Resources */ = {isa = PBXBuildFile; fileRef = C92E59AA12EE146E00412BFA /* BrandsTableCell.xib */; };
		C953E80C12EF5B7B001BD656 /* PubAnnotation.m in Sources */ = {isa = PBXBuildFile; fileRef = C953E80B12EF5B7B001BD656 /* PubAnnotation.m */; };
		C953E81312EF5D71001BD656 /* PubAnnotationView.m in Sources */ = {isa = PBXBuildFile; fileRef = C953E81212EF5D71001BD656 /* PubAnnotationView.m */; };
		C953E93A12EF718D001BD656 /* Brand.m in Sources */ = {isa = PBXBuildFile; fileRef = C953E93912EF718D001BD656 /* Brand.m */; };
		C9642B3912EE35940033F9B8 /* MapViewController.m in Sources */ = {isa = PBXBuildFile; fileRef = C9642B3712EE35940033F9B8 /* MapViewController.m */; };
		C9642B3A12EE35940033F9B8 /* MapViewController.xib in Resources */ = {isa = PBXBuildFile; fileRef = C9642B3812EE35940033F9B8 /* MapViewController.xib */; };
		C97BF0BC12EA0C7E004519F0 /* icon.png in Resources */ = {isa = PBXBuildFile; fileRef = C97BF0BB12EA0C7E004519F0 /* icon.png */; };
		C9A3137E12F08E880005ED6C /* PubDetailViewController.m in Sources */ = {isa = PBXBuildFile; fileRef = C9A3137C12F08E880005ED6C /* PubDetailViewController.m */; };
		C9A3137F12F08E880005ED6C /* PubDetailViewController.xib in Resources */ = {isa = PBXBuildFile; fileRef = C9A3137D12F08E880005ED6C /* PubDetailViewController.xib */; };
		C9A313F912F097990005ED6C /* Pub.m in Sources */ = {isa = PBXBuildFile; fileRef = C9A313F812F097990005ED6C /* Pub.m */; };
		C9C1CB4F12EA30B2003C7CC5 /* MapKit.framework in Frameworks */ = {isa = PBXBuildFile; fileRef = C9C1CB4E12EA30B2003C7CC5 /* MapKit.framework */; };
		C9C1CB5112EA30BE003C7CC5 /* CoreLocation.framework in Frameworks */ = {isa = PBXBuildFile; fileRef = C9C1CB5012EA30BE003C7CC5 /* CoreLocation.framework */; };
		C9D74DCA12EF3B9F008DE8E8 /* brands.txt in Resources */ = {isa = PBXBuildFile; fileRef = C9D74DC512EF3B9F008DE8E8 /* brands.txt */; };
		C9D74DCB12EF3B9F008DE8E8 /* countries.txt in Resources */ = {isa = PBXBuildFile; fileRef = C9D74DC612EF3B9F008DE8E8 /* countries.txt */; };
		C9D74DCC12EF3B9F008DE8E8 /* pubs.txt in Resources */ = {isa = PBXBuildFile; fileRef = C9D74DC712EF3B9F008DE8E8 /* pubs.txt */; };
		C9D74DCD12EF3B9F008DE8E8 /* qoutes.txt in Resources */ = {isa = PBXBuildFile; fileRef = C9D74DC812EF3B9F008DE8E8 /* qoutes.txt */; };
		C9D74DCE12EF3B9F008DE8E8 /* tags.txt in Resources */ = {isa = PBXBuildFile; fileRef = C9D74DC912EF3B9F008DE8E8 /* tags.txt */; };
		C9D74EAB12EF4733008DE8E8 /* brand_backoriu_tamsusis.png in Resources */ = {isa = PBXBuildFile; fileRef = C9D74E7512EF4733008DE8E8 /* brand_backoriu_tamsusis.png */; };
		C9D74EAC12EF4733008DE8E8 /* brand_belmonto_sviesusis.png in Resources */ = {isa = PBXBuildFile; fileRef = C9D74E7612EF4733008DE8E8 /* brand_belmonto_sviesusis.png */; };
		C9D74EAD12EF4733008DE8E8 /* brand_belmonto_ypatingas.png in Resources */ = {isa = PBXBuildFile; fileRef = C9D74E7712EF4733008DE8E8 /* brand_belmonto_ypatingas.png */; };
		C9D74EAE12EF4733008DE8E8 /* brand_bernard_cerne.png in Resources */ = {isa = PBXBuildFile; fileRef = C9D74E7812EF4733008DE8E8 /* brand_bernard_cerne.png */; };
		C9D74EAF12EF4733008DE8E8 /* brand_birzu_sirvenos.png in Resources */ = {isa = PBXBuildFile; fileRef = C9D74E7912EF4733008DE8E8 /* brand_birzu_sirvenos.png */; };
		C9D74EB012EF4733008DE8E8 /* brand_bravaria.png in Resources */ = {isa = PBXBuildFile; fileRef = C9D74E7A12EF4733008DE8E8 /* brand_bravaria.png */; };
		C9D74EB112EF4733008DE8E8 /* brand_budweiser_budar.png in Resources */ = {isa = PBXBuildFile; fileRef = C9D74E7B12EF4733008DE8E8 /* brand_budweiser_budar.png */; };
		C9D74EB212EF4733008DE8E8 /* brand_busi_trecias.png in Resources */ = {isa = PBXBuildFile; fileRef = C9D74E7C12EF4733008DE8E8 /* brand_busi_trecias.png */; };
		C9D74EB312EF4733008DE8E8 /* brand_butautu_dvaro.png in Resources */ = {isa = PBXBuildFile; fileRef = C9D74E7D12EF4733008DE8E8 /* brand_butautu_dvaro.png */; };
		C9D74EB412EF4733008DE8E8 /* brand_chodovar.png in Resources */ = {isa = PBXBuildFile; fileRef = C9D74E7E12EF4733008DE8E8 /* brand_chodovar.png */; };
		C9D74EB512EF4733008DE8E8 /* brand_daujotu.png in Resources */ = {isa = PBXBuildFile; fileRef = C9D74E7F12EF4733008DE8E8 /* brand_daujotu.png */; };
		C9D74EB612EF4733008DE8E8 /* brand_default.png in Resources */ = {isa = PBXBuildFile; fileRef = C9D74E8012EF4733008DE8E8 /* brand_default.png */; };
		C9D74EB712EF4733008DE8E8 /* brand_dundulio.png in Resources */ = {isa = PBXBuildFile; fileRef = C9D74E8112EF4733008DE8E8 /* brand_dundulio.png */; };
		C9D74EB812EF4733008DE8E8 /* brand_ekstra_tvirtoves.png in Resources */ = {isa = PBXBuildFile; fileRef = C9D74E8212EF4733008DE8E8 /* brand_ekstra_tvirtoves.png */; };
		C9D74EB912EF4733008DE8E8 /* brand_erdinger.png in Resources */ = {isa = PBXBuildFile; fileRef = C9D74E8312EF4733008DE8E8 /* brand_erdinger.png */; };
		C9D74EBA12EF4733008DE8E8 /* brand_franziskaner.png in Resources */ = {isa = PBXBuildFile; fileRef = C9D74E8412EF4733008DE8E8 /* brand_franziskaner.png */; };
		C9D74EBB12EF4733008DE8E8 /* brand_grimbergen.png in Resources */ = {isa = PBXBuildFile; fileRef = C9D74E8512EF4733008DE8E8 /* brand_grimbergen.png */; };
		C9D74EBC12EF4733008DE8E8 /* brand_gubernijos_kvietinis.png in Resources */ = {isa = PBXBuildFile; fileRef = C9D74E8612EF4733008DE8E8 /* brand_gubernijos_kvietinis.png */; };
		C9D74EBD12EF4733008DE8E8 /* brand_guinness.png in Resources */ = {isa = PBXBuildFile; fileRef = C9D74E8712EF4733008DE8E8 /* brand_guinness.png */; };
		C9D74EBE12EF4733008DE8E8 /* brand_heineken.png in Resources */ = {isa = PBXBuildFile; fileRef = C9D74E8812EF4733008DE8E8 /* brand_heineken.png */; };
		C9D74EBF12EF4733008DE8E8 /* brand_hoegaarden.png in Resources */ = {isa = PBXBuildFile; fileRef = C9D74E8912EF4733008DE8E8 /* brand_hoegaarden.png */; };
		C9D74EC012EF4733008DE8E8 /* brand_jovaru_snekutis.png in Resources */ = {isa = PBXBuildFile; fileRef = C9D74E8A12EF4733008DE8E8 /* brand_jovaru_snekutis.png */; };
		C9D74EC112EF4733008DE8E8 /* brand_kalnapilis_grand.png in Resources */ = {isa = PBXBuildFile; fileRef = C9D74E8B12EF4733008DE8E8 /* brand_kalnapilis_grand.png */; };
		C9D74EC212EF4733008DE8E8 /* brand_kanapinis.png in Resources */ = {isa = PBXBuildFile; fileRef = C9D74E8C12EF4733008DE8E8 /* brand_kanapinis.png */; };
		C9D74EC312EF4733008DE8E8 /* brand_katedros_medaus.png in Resources */ = {isa = PBXBuildFile; fileRef = C9D74E8D12EF4733008DE8E8 /* brand_katedros_medaus.png */; };
		C9D74EC412EF4733008DE8E8 /* brand_katedros_sviesusis.png in Resources */ = {isa = PBXBuildFile; fileRef = C9D74E8E12EF4733008DE8E8 /* brand_katedros_sviesusis.png */; };
		C9D74EC512EF4733008DE8E8 /* brand_katedros_tamsusis.png in Resources */ = {isa = PBXBuildFile; fileRef = C9D74E8F12EF4733008DE8E8 /* brand_katedros_tamsusis.png */; };
		C9D74EC612EF4733008DE8E8 /* brand_kilkenny.png in Resources */ = {isa = PBXBuildFile; fileRef = C9D74E9012EF4733008DE8E8 /* brand_kilkenny.png */; };
		C9D74EC712EF4733008DE8E8 /* brand_kozel.png in Resources */ = {isa = PBXBuildFile; fileRef = C9D74E9112EF4733008DE8E8 /* brand_kozel.png */; };
		C9D74EC812EF4733008DE8E8 /* brand_krusovice.png in Resources */ = {isa = PBXBuildFile; fileRef = C9D74E9212EF4733008DE8E8 /* brand_krusovice.png */; };
		C9D74EC912EF4733008DE8E8 /* brand_kunigaiksciu.png in Resources */ = {isa = PBXBuildFile; fileRef = C9D74E9312EF4733008DE8E8 /* brand_kunigaiksciu.png */; };
		C9D74ECA12EF4733008DE8E8 /* brand_leffe.png in Resources */ = {isa = PBXBuildFile; fileRef = C9D74E9412EF4733008DE8E8 /* brand_leffe.png */; };
		C9D74ECB12EF4733008DE8E8 /* brand_murphys_stout.png in Resources */ = {isa = PBXBuildFile; fileRef = C9D74E9512EF4733008DE8E8 /* brand_murphys_stout.png */; };
		C9D74ECC12EF4733008DE8E8 /* brand_new_castle_brown_ale.png in Resources */ = {isa = PBXBuildFile; fileRef = C9D74E9612EF4733008DE8E8 /* brand_new_castle_brown_ale.png */; };
		C9D74ECD12EF4733008DE8E8 /* brand_pilies_alus.png in Resources */ = {isa = PBXBuildFile; fileRef = C9D74E9712EF4733008DE8E8 /* brand_pilies_alus.png */; };
		C9D74ECE12EF4733008DE8E8 /* brand_raudonuju_dobilu.png in Resources */ = {isa = PBXBuildFile; fileRef = C9D74E9812EF4733008DE8E8 /* brand_raudonuju_dobilu.png */; };
		C9D74ECF12EF4733008DE8E8 /* brand_rinkuskiu.png in Resources */ = {isa = PBXBuildFile; fileRef = C9D74E9912EF4733008DE8E8 /* brand_rinkuskiu.png */; };
		C9D74ED012EF4733008DE8E8 /* brand_samson.png in Resources */ = {isa = PBXBuildFile; fileRef = C9D74E9A12EF4733008DE8E8 /* brand_samson.png */; };
		C9D74ED112EF4733008DE8E8 /* brand_staropramen.png in Resources */ = {isa = PBXBuildFile; fileRef = C9D74E9B12EF4733008DE8E8 /* brand_staropramen.png */; };
		C9D74ED212EF4733008DE8E8 /* brand_svyturys_baltas.png in Resources */ = {isa = PBXBuildFile; fileRef = C9D74E9C12EF4733008DE8E8 /* brand_svyturys_baltas.png */; };
		C9D74ED312EF4733008DE8E8 /* brand_svyturys_baltijos.png in Resources */ = {isa = PBXBuildFile; fileRef = C9D74E9D12EF4733008DE8E8 /* brand_svyturys_baltijos.png */; };
		C9D74ED412EF4733008DE8E8 /* brand_svyturys_ekstra.png in Resources */ = {isa = PBXBuildFile; fileRef = C9D74E9E12EF4733008DE8E8 /* brand_svyturys_ekstra.png */; };
		C9D74ED512EF4733008DE8E8 /* brand_tauro_tradicinis.png in Resources */ = {isa = PBXBuildFile; fileRef = C9D74E9F12EF4733008DE8E8 /* brand_tauro_tradicinis.png */; };
		C9D74ED612EF4733008DE8E8 /* brand_tores.png in Resources */ = {isa = PBXBuildFile; fileRef = C9D74EA012EF4733008DE8E8 /* brand_tores.png */; };
		C9D74ED712EF4733008DE8E8 /* brand_tucher.png in Resources */ = {isa = PBXBuildFile; fileRef = C9D74EA112EF4733008DE8E8 /* brand_tucher.png */; };
		C9D74ED812EF4733008DE8E8 /* brand_utenos_dark.png in Resources */ = {isa = PBXBuildFile; fileRef = C9D74EA212EF4733008DE8E8 /* brand_utenos_dark.png */; };
		C9D74ED912EF4733008DE8E8 /* brand_utenos.png in Resources */ = {isa = PBXBuildFile; fileRef = C9D74EA312EF4733008DE8E8 /* brand_utenos.png */; };
		C9D74EDA12EF4733008DE8E8 /* brand_varniuku_alus.png in Resources */ = {isa = PBXBuildFile; fileRef = C9D74EA412EF4733008DE8E8 /* brand_varniuku_alus.png */; };
		C9D74EDB12EF4733008DE8E8 /* brand_veltins.png in Resources */ = {isa = PBXBuildFile; fileRef = C9D74EA512EF4733008DE8E8 /* brand_veltins.png */; };
		C9D74EDC12EF4733008DE8E8 /* brand_velvet.png in Resources */ = {isa = PBXBuildFile; fileRef = C9D74EA612EF4733008DE8E8 /* brand_velvet.png */; };
		C9D74EDD12EF4733008DE8E8 /* brand_vilkmerges_tamsusis.png in Resources */ = {isa = PBXBuildFile; fileRef = C9D74EA712EF4733008DE8E8 /* brand_vilkmerges_tamsusis.png */; };
		C9D74EDE12EF4733008DE8E8 /* brand_vilniaus_kvietinis.png in Resources */ = {isa = PBXBuildFile; fileRef = C9D74EA812EF4733008DE8E8 /* brand_vilniaus_kvietinis.png */; };
		C9D74EDF12EF4733008DE8E8 /* brand_vilniaus_nefiltruotas.png in Resources */ = {isa = PBXBuildFile; fileRef = C9D74EA912EF4733008DE8E8 /* brand_vilniaus_nefiltruotas.png */; };
		C9D74EE012EF4733008DE8E8 /* brand_zubr.png in Resources */ = {isa = PBXBuildFile; fileRef = C9D74EAA12EF4733008DE8E8 /* brand_zubr.png */; };
		C9E5021412EE0D3F00ADD54C /* BrandsViewController.m in Sources */ = {isa = PBXBuildFile; fileRef = C9E5021212EE0D3F00ADD54C /* BrandsViewController.m */; };
		C9E5021512EE0D3F00ADD54C /* BrandsViewController.xib in Resources */ = {isa = PBXBuildFile; fileRef = C9E5021312EE0D3F00ADD54C /* BrandsViewController.xib */; };
/* End PBXBuildFile section */

/* Begin PBXFileReference section */
		1D30AB110D05D00D00671497 /* Foundation.framework */ = {isa = PBXFileReference; lastKnownFileType = wrapper.framework; name = Foundation.framework; path = System/Library/Frameworks/Foundation.framework; sourceTree = SDKROOT; };
		1D3623240D0F684500981E51 /* AlausRadarasAppDelegate.h */ = {isa = PBXFileReference; fileEncoding = 4; lastKnownFileType = sourcecode.c.h; path = AlausRadarasAppDelegate.h; sourceTree = "<group>"; };
		1D3623250D0F684500981E51 /* AlausRadarasAppDelegate.m */ = {isa = PBXFileReference; fileEncoding = 4; lastKnownFileType = sourcecode.c.objc; path = AlausRadarasAppDelegate.m; sourceTree = "<group>"; };
		1D6058910D05DD3D006BFB54 /* AlausRadaras.app */ = {isa = PBXFileReference; explicitFileType = wrapper.application; includeInIndex = 0; path = AlausRadaras.app; sourceTree = BUILT_PRODUCTS_DIR; };
		1DF5F4DF0D08C38300B7A737 /* UIKit.framework */ = {isa = PBXFileReference; lastKnownFileType = wrapper.framework; name = UIKit.framework; path = System/Library/Frameworks/UIKit.framework; sourceTree = SDKROOT; };
		288765A40DF7441C002DB57D /* CoreGraphics.framework */ = {isa = PBXFileReference; lastKnownFileType = wrapper.framework; name = CoreGraphics.framework; path = System/Library/Frameworks/CoreGraphics.framework; sourceTree = SDKROOT; };
		2899E5210DE3E06400AC0155 /* AlausRadarasViewController.xib */ = {isa = PBXFileReference; lastKnownFileType = file.xib; path = AlausRadarasViewController.xib; sourceTree = "<group>"; };
		28AD733E0D9D9553002E5188 /* MainWindow.xib */ = {isa = PBXFileReference; lastKnownFileType = file.xib; path = MainWindow.xib; sourceTree = "<group>"; };
		28D7ACF60DDB3853001CB0EB /* AlausRadarasViewController.h */ = {isa = PBXFileReference; fileEncoding = 4; lastKnownFileType = sourcecode.c.h; path = AlausRadarasViewController.h; sourceTree = "<group>"; };
		28D7ACF70DDB3853001CB0EB /* AlausRadarasViewController.m */ = {isa = PBXFileReference; fileEncoding = 4; lastKnownFileType = sourcecode.c.objc; path = AlausRadarasViewController.m; sourceTree = "<group>"; };
		29B97316FDCFA39411CA2CEA /* main.m */ = {isa = PBXFileReference; fileEncoding = 4; lastKnownFileType = sourcecode.c.objc; path = main.m; sourceTree = "<group>"; };
		32CA4F630368D1EE00C91783 /* AlausRadaras_Prefix.pch */ = {isa = PBXFileReference; fileEncoding = 4; lastKnownFileType = sourcecode.c.h; path = AlausRadaras_Prefix.pch; sourceTree = "<group>"; };
		8D1107310486CEB800E47090 /* AlausRadaras-Info.plist */ = {isa = PBXFileReference; fileEncoding = 4; lastKnownFileType = text.plist.xml; path = "AlausRadaras-Info.plist"; plistStructureDefinitionIdentifier = "com.apple.xcode.plist.structure-definition.iphone.info-plist"; sourceTree = "<group>"; };
		C92E59A812EE146E00412BFA /* BrandsTableCell.h */ = {isa = PBXFileReference; fileEncoding = 4; lastKnownFileType = sourcecode.c.h; path = BrandsTableCell.h; sourceTree = "<group>"; };
		C92E59A912EE146E00412BFA /* BrandsTableCell.m */ = {isa = PBXFileReference; fileEncoding = 4; lastKnownFileType = sourcecode.c.objc; path = BrandsTableCell.m; sourceTree = "<group>"; };
		C92E59AA12EE146E00412BFA /* BrandsTableCell.xib */ = {isa = PBXFileReference; lastKnownFileType = file.xib; name = BrandsTableCell.xib; path = Classes/BrandsTableCell.xib; sourceTree = "<group>"; };
		C92E5A3D12EE1DC900412BFA /* BrandsViewController.h */ = {isa = PBXFileReference; fileEncoding = 4; lastKnownFileType = sourcecode.c.h; path = BrandsViewController.h; sourceTree = "<group>"; };
		C953E80A12EF5B7B001BD656 /* PubAnnotation.h */ = {isa = PBXFileReference; fileEncoding = 4; lastKnownFileType = sourcecode.c.h; path = PubAnnotation.h; sourceTree = "<group>"; };
		C953E80B12EF5B7B001BD656 /* PubAnnotation.m */ = {isa = PBXFileReference; fileEncoding = 4; lastKnownFileType = sourcecode.c.objc; path = PubAnnotation.m; sourceTree = "<group>"; };
		C953E81112EF5D71001BD656 /* PubAnnotationView.h */ = {isa = PBXFileReference; fileEncoding = 4; lastKnownFileType = sourcecode.c.h; path = PubAnnotationView.h; sourceTree = "<group>"; };
		C953E81212EF5D71001BD656 /* PubAnnotationView.m */ = {isa = PBXFileReference; fileEncoding = 4; lastKnownFileType = sourcecode.c.objc; path = PubAnnotationView.m; sourceTree = "<group>"; };
		C953E93812EF718D001BD656 /* Brand.h */ = {isa = PBXFileReference; fileEncoding = 4; lastKnownFileType = sourcecode.c.h; name = Brand.h; path = Classes/Brand.h; sourceTree = "<group>"; };
		C953E93912EF718D001BD656 /* Brand.m */ = {isa = PBXFileReference; fileEncoding = 4; lastKnownFileType = sourcecode.c.objc; name = Brand.m; path = Classes/Brand.m; sourceTree = "<group>"; };
		C9642B3612EE35940033F9B8 /* MapViewController.h */ = {isa = PBXFileReference; fileEncoding = 4; lastKnownFileType = sourcecode.c.h; path = MapViewController.h; sourceTree = "<group>"; };
		C9642B3712EE35940033F9B8 /* MapViewController.m */ = {isa = PBXFileReference; fileEncoding = 4; lastKnownFileType = sourcecode.c.objc; path = MapViewController.m; sourceTree = "<group>"; };
		C9642B3812EE35940033F9B8 /* MapViewController.xib */ = {isa = PBXFileReference; lastKnownFileType = file.xib; name = MapViewController.xib; path = Classes/MapViewController.xib; sourceTree = "<group>"; };
		C97BF0BB12EA0C7E004519F0 /* icon.png */ = {isa = PBXFileReference; lastKnownFileType = image.png; path = icon.png; sourceTree = "<group>"; };
		C9A3137B12F08E880005ED6C /* PubDetailViewController.h */ = {isa = PBXFileReference; fileEncoding = 4; lastKnownFileType = sourcecode.c.h; path = PubDetailViewController.h; sourceTree = "<group>"; };
		C9A3137C12F08E880005ED6C /* PubDetailViewController.m */ = {isa = PBXFileReference; fileEncoding = 4; lastKnownFileType = sourcecode.c.objc; path = PubDetailViewController.m; sourceTree = "<group>"; };
		C9A3137D12F08E880005ED6C /* PubDetailViewController.xib */ = {isa = PBXFileReference; lastKnownFileType = file.xib; name = PubDetailViewController.xib; path = Classes/PubDetailViewController.xib; sourceTree = "<group>"; };
		C9A313F712F097990005ED6C /* Pub.h */ = {isa = PBXFileReference; fileEncoding = 4; lastKnownFileType = sourcecode.c.h; path = Pub.h; sourceTree = "<group>"; };
		C9A313F812F097990005ED6C /* Pub.m */ = {isa = PBXFileReference; fileEncoding = 4; lastKnownFileType = sourcecode.c.objc; path = Pub.m; sourceTree = "<group>"; };
		C9C1CB4E12EA30B2003C7CC5 /* MapKit.framework */ = {isa = PBXFileReference; lastKnownFileType = wrapper.framework; name = MapKit.framework; path = System/Library/Frameworks/MapKit.framework; sourceTree = SDKROOT; };
		C9C1CB5012EA30BE003C7CC5 /* CoreLocation.framework */ = {isa = PBXFileReference; lastKnownFileType = wrapper.framework; name = CoreLocation.framework; path = System/Library/Frameworks/CoreLocation.framework; sourceTree = SDKROOT; };
		C9D74DC512EF3B9F008DE8E8 /* brands.txt */ = {isa = PBXFileReference; fileEncoding = 4; lastKnownFileType = text; name = brands.txt; path = resources/db/brands.txt; sourceTree = "<group>"; };
		C9D74DC612EF3B9F008DE8E8 /* countries.txt */ = {isa = PBXFileReference; fileEncoding = 4; lastKnownFileType = text; name = countries.txt; path = resources/db/countries.txt; sourceTree = "<group>"; };
		C9D74DC712EF3B9F008DE8E8 /* pubs.txt */ = {isa = PBXFileReference; fileEncoding = 4; lastKnownFileType = text; name = pubs.txt; path = resources/db/pubs.txt; sourceTree = "<group>"; };
		C9D74DC812EF3B9F008DE8E8 /* qoutes.txt */ = {isa = PBXFileReference; fileEncoding = 4; lastKnownFileType = text; name = qoutes.txt; path = resources/db/qoutes.txt; sourceTree = "<group>"; };
		C9D74DC912EF3B9F008DE8E8 /* tags.txt */ = {isa = PBXFileReference; fileEncoding = 4; lastKnownFileType = text; name = tags.txt; path = resources/db/tags.txt; sourceTree = "<group>"; };
		C9D74E7512EF4733008DE8E8 /* brand_backoriu_tamsusis.png */ = {isa = PBXFileReference; lastKnownFileType = image.png; name = brand_backoriu_tamsusis.png; path = resources/brands/brand_backoriu_tamsusis.png; sourceTree = "<group>"; };
		C9D74E7612EF4733008DE8E8 /* brand_belmonto_sviesusis.png */ = {isa = PBXFileReference; lastKnownFileType = image.png; name = brand_belmonto_sviesusis.png; path = resources/brands/brand_belmonto_sviesusis.png; sourceTree = "<group>"; };
		C9D74E7712EF4733008DE8E8 /* brand_belmonto_ypatingas.png */ = {isa = PBXFileReference; lastKnownFileType = image.png; name = brand_belmonto_ypatingas.png; path = resources/brands/brand_belmonto_ypatingas.png; sourceTree = "<group>"; };
		C9D74E7812EF4733008DE8E8 /* brand_bernard_cerne.png */ = {isa = PBXFileReference; lastKnownFileType = image.png; name = brand_bernard_cerne.png; path = resources/brands/brand_bernard_cerne.png; sourceTree = "<group>"; };
		C9D74E7912EF4733008DE8E8 /* brand_birzu_sirvenos.png */ = {isa = PBXFileReference; lastKnownFileType = image.png; name = brand_birzu_sirvenos.png; path = resources/brands/brand_birzu_sirvenos.png; sourceTree = "<group>"; };
		C9D74E7A12EF4733008DE8E8 /* brand_bravaria.png */ = {isa = PBXFileReference; lastKnownFileType = image.png; name = brand_bravaria.png; path = resources/brands/brand_bravaria.png; sourceTree = "<group>"; };
		C9D74E7B12EF4733008DE8E8 /* brand_budweiser_budar.png */ = {isa = PBXFileReference; lastKnownFileType = image.png; name = brand_budweiser_budar.png; path = resources/brands/brand_budweiser_budar.png; sourceTree = "<group>"; };
		C9D74E7C12EF4733008DE8E8 /* brand_busi_trecias.png */ = {isa = PBXFileReference; lastKnownFileType = image.png; name = brand_busi_trecias.png; path = resources/brands/brand_busi_trecias.png; sourceTree = "<group>"; };
		C9D74E7D12EF4733008DE8E8 /* brand_butautu_dvaro.png */ = {isa = PBXFileReference; lastKnownFileType = image.png; name = brand_butautu_dvaro.png; path = resources/brands/brand_butautu_dvaro.png; sourceTree = "<group>"; };
		C9D74E7E12EF4733008DE8E8 /* brand_chodovar.png */ = {isa = PBXFileReference; lastKnownFileType = image.png; name = brand_chodovar.png; path = resources/brands/brand_chodovar.png; sourceTree = "<group>"; };
		C9D74E7F12EF4733008DE8E8 /* brand_daujotu.png */ = {isa = PBXFileReference; lastKnownFileType = image.png; name = brand_daujotu.png; path = resources/brands/brand_daujotu.png; sourceTree = "<group>"; };
		C9D74E8012EF4733008DE8E8 /* brand_default.png */ = {isa = PBXFileReference; lastKnownFileType = image.png; name = brand_default.png; path = resources/brands/brand_default.png; sourceTree = "<group>"; };
		C9D74E8112EF4733008DE8E8 /* brand_dundulio.png */ = {isa = PBXFileReference; lastKnownFileType = image.png; name = brand_dundulio.png; path = resources/brands/brand_dundulio.png; sourceTree = "<group>"; };
		C9D74E8212EF4733008DE8E8 /* brand_ekstra_tvirtoves.png */ = {isa = PBXFileReference; lastKnownFileType = image.png; name = brand_ekstra_tvirtoves.png; path = resources/brands/brand_ekstra_tvirtoves.png; sourceTree = "<group>"; };
		C9D74E8312EF4733008DE8E8 /* brand_erdinger.png */ = {isa = PBXFileReference; lastKnownFileType = image.png; name = brand_erdinger.png; path = resources/brands/brand_erdinger.png; sourceTree = "<group>"; };
		C9D74E8412EF4733008DE8E8 /* brand_franziskaner.png */ = {isa = PBXFileReference; lastKnownFileType = image.png; name = brand_franziskaner.png; path = resources/brands/brand_franziskaner.png; sourceTree = "<group>"; };
		C9D74E8512EF4733008DE8E8 /* brand_grimbergen.png */ = {isa = PBXFileReference; lastKnownFileType = image.png; name = brand_grimbergen.png; path = resources/brands/brand_grimbergen.png; sourceTree = "<group>"; };
		C9D74E8612EF4733008DE8E8 /* brand_gubernijos_kvietinis.png */ = {isa = PBXFileReference; lastKnownFileType = image.png; name = brand_gubernijos_kvietinis.png; path = resources/brands/brand_gubernijos_kvietinis.png; sourceTree = "<group>"; };
		C9D74E8712EF4733008DE8E8 /* brand_guinness.png */ = {isa = PBXFileReference; lastKnownFileType = image.png; name = brand_guinness.png; path = resources/brands/brand_guinness.png; sourceTree = "<group>"; };
		C9D74E8812EF4733008DE8E8 /* brand_heineken.png */ = {isa = PBXFileReference; lastKnownFileType = image.png; name = brand_heineken.png; path = resources/brands/brand_heineken.png; sourceTree = "<group>"; };
		C9D74E8912EF4733008DE8E8 /* brand_hoegaarden.png */ = {isa = PBXFileReference; lastKnownFileType = image.png; name = brand_hoegaarden.png; path = resources/brands/brand_hoegaarden.png; sourceTree = "<group>"; };
		C9D74E8A12EF4733008DE8E8 /* brand_jovaru_snekutis.png */ = {isa = PBXFileReference; lastKnownFileType = image.png; name = brand_jovaru_snekutis.png; path = resources/brands/brand_jovaru_snekutis.png; sourceTree = "<group>"; };
		C9D74E8B12EF4733008DE8E8 /* brand_kalnapilis_grand.png */ = {isa = PBXFileReference; lastKnownFileType = image.png; name = brand_kalnapilis_grand.png; path = resources/brands/brand_kalnapilis_grand.png; sourceTree = "<group>"; };
		C9D74E8C12EF4733008DE8E8 /* brand_kanapinis.png */ = {isa = PBXFileReference; lastKnownFileType = image.png; name = brand_kanapinis.png; path = resources/brands/brand_kanapinis.png; sourceTree = "<group>"; };
		C9D74E8D12EF4733008DE8E8 /* brand_katedros_medaus.png */ = {isa = PBXFileReference; lastKnownFileType = image.png; name = brand_katedros_medaus.png; path = resources/brands/brand_katedros_medaus.png; sourceTree = "<group>"; };
		C9D74E8E12EF4733008DE8E8 /* brand_katedros_sviesusis.png */ = {isa = PBXFileReference; lastKnownFileType = image.png; name = brand_katedros_sviesusis.png; path = resources/brands/brand_katedros_sviesusis.png; sourceTree = "<group>"; };
		C9D74E8F12EF4733008DE8E8 /* brand_katedros_tamsusis.png */ = {isa = PBXFileReference; lastKnownFileType = image.png; name = brand_katedros_tamsusis.png; path = resources/brands/brand_katedros_tamsusis.png; sourceTree = "<group>"; };
		C9D74E9012EF4733008DE8E8 /* brand_kilkenny.png */ = {isa = PBXFileReference; lastKnownFileType = image.png; name = brand_kilkenny.png; path = resources/brands/brand_kilkenny.png; sourceTree = "<group>"; };
		C9D74E9112EF4733008DE8E8 /* brand_kozel.png */ = {isa = PBXFileReference; lastKnownFileType = image.png; name = brand_kozel.png; path = resources/brands/brand_kozel.png; sourceTree = "<group>"; };
		C9D74E9212EF4733008DE8E8 /* brand_krusovice.png */ = {isa = PBXFileReference; lastKnownFileType = image.png; name = brand_krusovice.png; path = resources/brands/brand_krusovice.png; sourceTree = "<group>"; };
		C9D74E9312EF4733008DE8E8 /* brand_kunigaiksciu.png */ = {isa = PBXFileReference; lastKnownFileType = image.png; name = brand_kunigaiksciu.png; path = resources/brands/brand_kunigaiksciu.png; sourceTree = "<group>"; };
		C9D74E9412EF4733008DE8E8 /* brand_leffe.png */ = {isa = PBXFileReference; lastKnownFileType = image.png; name = brand_leffe.png; path = resources/brands/brand_leffe.png; sourceTree = "<group>"; };
		C9D74E9512EF4733008DE8E8 /* brand_murphys_stout.png */ = {isa = PBXFileReference; lastKnownFileType = image.png; name = brand_murphys_stout.png; path = resources/brands/brand_murphys_stout.png; sourceTree = "<group>"; };
		C9D74E9612EF4733008DE8E8 /* brand_new_castle_brown_ale.png */ = {isa = PBXFileReference; lastKnownFileType = image.png; name = brand_new_castle_brown_ale.png; path = resources/brands/brand_new_castle_brown_ale.png; sourceTree = "<group>"; };
		C9D74E9712EF4733008DE8E8 /* brand_pilies_alus.png */ = {isa = PBXFileReference; lastKnownFileType = image.png; name = brand_pilies_alus.png; path = resources/brands/brand_pilies_alus.png; sourceTree = "<group>"; };
		C9D74E9812EF4733008DE8E8 /* brand_raudonuju_dobilu.png */ = {isa = PBXFileReference; lastKnownFileType = image.png; name = brand_raudonuju_dobilu.png; path = resources/brands/brand_raudonuju_dobilu.png; sourceTree = "<group>"; };
		C9D74E9912EF4733008DE8E8 /* brand_rinkuskiu.png */ = {isa = PBXFileReference; lastKnownFileType = image.png; name = brand_rinkuskiu.png; path = resources/brands/brand_rinkuskiu.png; sourceTree = "<group>"; };
		C9D74E9A12EF4733008DE8E8 /* brand_samson.png */ = {isa = PBXFileReference; lastKnownFileType = image.png; name = brand_samson.png; path = resources/brands/brand_samson.png; sourceTree = "<group>"; };
		C9D74E9B12EF4733008DE8E8 /* brand_staropramen.png */ = {isa = PBXFileReference; lastKnownFileType = image.png; name = brand_staropramen.png; path = resources/brands/brand_staropramen.png; sourceTree = "<group>"; };
		C9D74E9C12EF4733008DE8E8 /* brand_svyturys_baltas.png */ = {isa = PBXFileReference; lastKnownFileType = image.png; name = brand_svyturys_baltas.png; path = resources/brands/brand_svyturys_baltas.png; sourceTree = "<group>"; };
		C9D74E9D12EF4733008DE8E8 /* brand_svyturys_baltijos.png */ = {isa = PBXFileReference; lastKnownFileType = image.png; name = brand_svyturys_baltijos.png; path = resources/brands/brand_svyturys_baltijos.png; sourceTree = "<group>"; };
		C9D74E9E12EF4733008DE8E8 /* brand_svyturys_ekstra.png */ = {isa = PBXFileReference; lastKnownFileType = image.png; name = brand_svyturys_ekstra.png; path = resources/brands/brand_svyturys_ekstra.png; sourceTree = "<group>"; };
		C9D74E9F12EF4733008DE8E8 /* brand_tauro_tradicinis.png */ = {isa = PBXFileReference; lastKnownFileType = image.png; name = brand_tauro_tradicinis.png; path = resources/brands/brand_tauro_tradicinis.png; sourceTree = "<group>"; };
		C9D74EA012EF4733008DE8E8 /* brand_tores.png */ = {isa = PBXFileReference; lastKnownFileType = image.png; name = brand_tores.png; path = resources/brands/brand_tores.png; sourceTree = "<group>"; };
		C9D74EA112EF4733008DE8E8 /* brand_tucher.png */ = {isa = PBXFileReference; lastKnownFileType = image.png; name = brand_tucher.png; path = resources/brands/brand_tucher.png; sourceTree = "<group>"; };
		C9D74EA212EF4733008DE8E8 /* brand_utenos_dark.png */ = {isa = PBXFileReference; lastKnownFileType = image.png; name = brand_utenos_dark.png; path = resources/brands/brand_utenos_dark.png; sourceTree = "<group>"; };
		C9D74EA312EF4733008DE8E8 /* brand_utenos.png */ = {isa = PBXFileReference; lastKnownFileType = image.png; name = brand_utenos.png; path = resources/brands/brand_utenos.png; sourceTree = "<group>"; };
		C9D74EA412EF4733008DE8E8 /* brand_varniuku_alus.png */ = {isa = PBXFileReference; lastKnownFileType = image.png; name = brand_varniuku_alus.png; path = resources/brands/brand_varniuku_alus.png; sourceTree = "<group>"; };
		C9D74EA512EF4733008DE8E8 /* brand_veltins.png */ = {isa = PBXFileReference; lastKnownFileType = image.png; name = brand_veltins.png; path = resources/brands/brand_veltins.png; sourceTree = "<group>"; };
		C9D74EA612EF4733008DE8E8 /* brand_velvet.png */ = {isa = PBXFileReference; lastKnownFileType = image.png; name = brand_velvet.png; path = resources/brands/brand_velvet.png; sourceTree = "<group>"; };
		C9D74EA712EF4733008DE8E8 /* brand_vilkmerges_tamsusis.png */ = {isa = PBXFileReference; lastKnownFileType = image.png; name = brand_vilkmerges_tamsusis.png; path = resources/brands/brand_vilkmerges_tamsusis.png; sourceTree = "<group>"; };
		C9D74EA812EF4733008DE8E8 /* brand_vilniaus_kvietinis.png */ = {isa = PBXFileReference; lastKnownFileType = image.png; name = brand_vilniaus_kvietinis.png; path = resources/brands/brand_vilniaus_kvietinis.png; sourceTree = "<group>"; };
		C9D74EA912EF4733008DE8E8 /* brand_vilniaus_nefiltruotas.png */ = {isa = PBXFileReference; lastKnownFileType = image.png; name = brand_vilniaus_nefiltruotas.png; path = resources/brands/brand_vilniaus_nefiltruotas.png; sourceTree = "<group>"; };
		C9D74EAA12EF4733008DE8E8 /* brand_zubr.png */ = {isa = PBXFileReference; lastKnownFileType = image.png; name = brand_zubr.png; path = resources/brands/brand_zubr.png; sourceTree = "<group>"; };
		C9E5021212EE0D3F00ADD54C /* BrandsViewController.m */ = {isa = PBXFileReference; fileEncoding = 4; lastKnownFileType = sourcecode.c.objc; path = BrandsViewController.m; sourceTree = "<group>"; };
		C9E5021312EE0D3F00ADD54C /* BrandsViewController.xib */ = {isa = PBXFileReference; lastKnownFileType = file.xib; name = BrandsViewController.xib; path = Classes/BrandsViewController.xib; sourceTree = "<group>"; };
/* End PBXFileReference section */

/* Begin PBXFrameworksBuildPhase section */
		1D60588F0D05DD3D006BFB54 /* Frameworks */ = {
			isa = PBXFrameworksBuildPhase;
			buildActionMask = 2147483647;
			files = (
				1D60589F0D05DD5A006BFB54 /* Foundation.framework in Frameworks */,
				1DF5F4E00D08C38300B7A737 /* UIKit.framework in Frameworks */,
				288765A50DF7441C002DB57D /* CoreGraphics.framework in Frameworks */,
				C9C1CB4F12EA30B2003C7CC5 /* MapKit.framework in Frameworks */,
				C9C1CB5112EA30BE003C7CC5 /* CoreLocation.framework in Frameworks */,
			);
			runOnlyForDeploymentPostprocessing = 0;
		};
/* End PBXFrameworksBuildPhase section */

/* Begin PBXGroup section */
		080E96DDFE201D6D7F000001 /* Classes */ = {
			isa = PBXGroup;
			children = (
				1D3623240D0F684500981E51 /* AlausRadarasAppDelegate.h */,
				1D3623250D0F684500981E51 /* AlausRadarasAppDelegate.m */,
				28D7ACF60DDB3853001CB0EB /* AlausRadarasViewController.h */,
				28D7ACF70DDB3853001CB0EB /* AlausRadarasViewController.m */,
				C92E5A3D12EE1DC900412BFA /* BrandsViewController.h */,
				C9E5021212EE0D3F00ADD54C /* BrandsViewController.m */,
				C92E59A812EE146E00412BFA /* BrandsTableCell.h */,
				C92E59A912EE146E00412BFA /* BrandsTableCell.m */,
				C9642B3612EE35940033F9B8 /* MapViewController.h */,
				C9642B3712EE35940033F9B8 /* MapViewController.m */,
				C953E80A12EF5B7B001BD656 /* PubAnnotation.h */,
				C953E80B12EF5B7B001BD656 /* PubAnnotation.m */,
				C953E81112EF5D71001BD656 /* PubAnnotationView.h */,
				C953E81212EF5D71001BD656 /* PubAnnotationView.m */,
				C9A3137B12F08E880005ED6C /* PubDetailViewController.h */,
				C9A3137C12F08E880005ED6C /* PubDetailViewController.m */,
			);
			path = Classes;
			sourceTree = "<group>";
		};
		19C28FACFE9D520D11CA2CBB /* Products */ = {
			isa = PBXGroup;
			children = (
				1D6058910D05DD3D006BFB54 /* AlausRadaras.app */,
			);
			name = Products;
			sourceTree = "<group>";
		};
		29B97314FDCFA39411CA2CEA /* CustomTemplate */ = {
			isa = PBXGroup;
			children = (
				C98EDF7A12EB665B00D8B4A0 /* Domain */,
				080E96DDFE201D6D7F000001 /* Classes */,
				29B97315FDCFA39411CA2CEA /* Other Sources */,
				29B97317FDCFA39411CA2CEA /* Resources */,
				29B97323FDCFA39411CA2CEA /* Frameworks */,
				19C28FACFE9D520D11CA2CBB /* Products */,
			);
			name = CustomTemplate;
			sourceTree = "<group>";
		};
		29B97315FDCFA39411CA2CEA /* Other Sources */ = {
			isa = PBXGroup;
			children = (
				32CA4F630368D1EE00C91783 /* AlausRadaras_Prefix.pch */,
				29B97316FDCFA39411CA2CEA /* main.m */,
			);
			name = "Other Sources";
			sourceTree = "<group>";
		};
		29B97317FDCFA39411CA2CEA /* Resources */ = {
			isa = PBXGroup;
			children = (
				C9A941DA12EA129B00992FAD /* images */,
				C9D74E7212EF4727008DE8E8 /* brands */,
				C9D74DC212EF3B4F008DE8E8 /* db */,
				C97BF0BB12EA0C7E004519F0 /* icon.png */,
				8D1107310486CEB800E47090 /* AlausRadaras-Info.plist */,
				28AD733E0D9D9553002E5188 /* MainWindow.xib */,
				2899E5210DE3E06400AC0155 /* AlausRadarasViewController.xib */,
				C9E5021312EE0D3F00ADD54C /* BrandsViewController.xib */,
				C92E59AA12EE146E00412BFA /* BrandsTableCell.xib */,
				C9642B3812EE35940033F9B8 /* MapViewController.xib */,
				C9A3137D12F08E880005ED6C /* PubDetailViewController.xib */,
			);
			name = Resources;
			sourceTree = "<group>";
		};
		29B97323FDCFA39411CA2CEA /* Frameworks */ = {
			isa = PBXGroup;
			children = (
				C9C1CB4E12EA30B2003C7CC5 /* MapKit.framework */,
				C9C1CB5012EA30BE003C7CC5 /* CoreLocation.framework */,
				1DF5F4DF0D08C38300B7A737 /* UIKit.framework */,
				1D30AB110D05D00D00671497 /* Foundation.framework */,
				288765A40DF7441C002DB57D /* CoreGraphics.framework */,
			);
			name = Frameworks;
			sourceTree = "<group>";
		};
		C98EDF7A12EB665B00D8B4A0 /* Domain */ = {
			isa = PBXGroup;
			children = (
				C953E93812EF718D001BD656 /* Brand.h */,
				C953E93912EF718D001BD656 /* Brand.m */,
				C9A313F712F097990005ED6C /* Pub.h */,
				C9A313F812F097990005ED6C /* Pub.m */,
			);
			name = Domain;
			sourceTree = "<group>";
		};
		C9A941DA12EA129B00992FAD /* images */ = {
			isa = PBXGroup;
			children = (
			);
			name = images;
			sourceTree = "<group>";
		};
		C9D74DC212EF3B4F008DE8E8 /* db */ = {
			isa = PBXGroup;
			children = (
				C9D74DC512EF3B9F008DE8E8 /* brands.txt */,
				C9D74DC612EF3B9F008DE8E8 /* countries.txt */,
				C9D74DC712EF3B9F008DE8E8 /* pubs.txt */,
				C9D74DC812EF3B9F008DE8E8 /* qoutes.txt */,
				C9D74DC912EF3B9F008DE8E8 /* tags.txt */,
			);
			name = db;
			sourceTree = "<group>";
		};
		C9D74E7212EF4727008DE8E8 /* brands */ = {
			isa = PBXGroup;
			children = (
				C9D74E7512EF4733008DE8E8 /* brand_backoriu_tamsusis.png */,
				C9D74E7612EF4733008DE8E8 /* brand_belmonto_sviesusis.png */,
				C9D74E7712EF4733008DE8E8 /* brand_belmonto_ypatingas.png */,
				C9D74E7812EF4733008DE8E8 /* brand_bernard_cerne.png */,
				C9D74E7912EF4733008DE8E8 /* brand_birzu_sirvenos.png */,
				C9D74E7A12EF4733008DE8E8 /* brand_bravaria.png */,
				C9D74E7B12EF4733008DE8E8 /* brand_budweiser_budar.png */,
				C9D74E7C12EF4733008DE8E8 /* brand_busi_trecias.png */,
				C9D74E7D12EF4733008DE8E8 /* brand_butautu_dvaro.png */,
				C9D74E7E12EF4733008DE8E8 /* brand_chodovar.png */,
				C9D74E7F12EF4733008DE8E8 /* brand_daujotu.png */,
				C9D74E8012EF4733008DE8E8 /* brand_default.png */,
				C9D74E8112EF4733008DE8E8 /* brand_dundulio.png */,
				C9D74E8212EF4733008DE8E8 /* brand_ekstra_tvirtoves.png */,
				C9D74E8312EF4733008DE8E8 /* brand_erdinger.png */,
				C9D74E8412EF4733008DE8E8 /* brand_franziskaner.png */,
				C9D74E8512EF4733008DE8E8 /* brand_grimbergen.png */,
				C9D74E8612EF4733008DE8E8 /* brand_gubernijos_kvietinis.png */,
				C9D74E8712EF4733008DE8E8 /* brand_guinness.png */,
				C9D74E8812EF4733008DE8E8 /* brand_heineken.png */,
				C9D74E8912EF4733008DE8E8 /* brand_hoegaarden.png */,
				C9D74E8A12EF4733008DE8E8 /* brand_jovaru_snekutis.png */,
				C9D74E8B12EF4733008DE8E8 /* brand_kalnapilis_grand.png */,
				C9D74E8C12EF4733008DE8E8 /* brand_kanapinis.png */,
				C9D74E8D12EF4733008DE8E8 /* brand_katedros_medaus.png */,
				C9D74E8E12EF4733008DE8E8 /* brand_katedros_sviesusis.png */,
				C9D74E8F12EF4733008DE8E8 /* brand_katedros_tamsusis.png */,
				C9D74E9012EF4733008DE8E8 /* brand_kilkenny.png */,
				C9D74E9112EF4733008DE8E8 /* brand_kozel.png */,
				C9D74E9212EF4733008DE8E8 /* brand_krusovice.png */,
				C9D74E9312EF4733008DE8E8 /* brand_kunigaiksciu.png */,
				C9D74E9412EF4733008DE8E8 /* brand_leffe.png */,
				C9D74E9512EF4733008DE8E8 /* brand_murphys_stout.png */,
				C9D74E9612EF4733008DE8E8 /* brand_new_castle_brown_ale.png */,
				C9D74E9712EF4733008DE8E8 /* brand_pilies_alus.png */,
				C9D74E9812EF4733008DE8E8 /* brand_raudonuju_dobilu.png */,
				C9D74E9912EF4733008DE8E8 /* brand_rinkuskiu.png */,
				C9D74E9A12EF4733008DE8E8 /* brand_samson.png */,
				C9D74E9B12EF4733008DE8E8 /* brand_staropramen.png */,
				C9D74E9C12EF4733008DE8E8 /* brand_svyturys_baltas.png */,
				C9D74E9D12EF4733008DE8E8 /* brand_svyturys_baltijos.png */,
				C9D74E9E12EF4733008DE8E8 /* brand_svyturys_ekstra.png */,
				C9D74E9F12EF4733008DE8E8 /* brand_tauro_tradicinis.png */,
				C9D74EA012EF4733008DE8E8 /* brand_tores.png */,
				C9D74EA112EF4733008DE8E8 /* brand_tucher.png */,
				C9D74EA212EF4733008DE8E8 /* brand_utenos_dark.png */,
				C9D74EA312EF4733008DE8E8 /* brand_utenos.png */,
				C9D74EA412EF4733008DE8E8 /* brand_varniuku_alus.png */,
				C9D74EA512EF4733008DE8E8 /* brand_veltins.png */,
				C9D74EA612EF4733008DE8E8 /* brand_velvet.png */,
				C9D74EA712EF4733008DE8E8 /* brand_vilkmerges_tamsusis.png */,
				C9D74EA812EF4733008DE8E8 /* brand_vilniaus_kvietinis.png */,
				C9D74EA912EF4733008DE8E8 /* brand_vilniaus_nefiltruotas.png */,
				C9D74EAA12EF4733008DE8E8 /* brand_zubr.png */,
			);
			name = brands;
			sourceTree = "<group>";
		};
/* End PBXGroup section */

/* Begin PBXNativeTarget section */
		1D6058900D05DD3D006BFB54 /* AlausRadaras */ = {
			isa = PBXNativeTarget;
			buildConfigurationList = 1D6058960D05DD3E006BFB54 /* Build configuration list for PBXNativeTarget "AlausRadaras" */;
			buildPhases = (
				1D60588D0D05DD3D006BFB54 /* Resources */,
				1D60588E0D05DD3D006BFB54 /* Sources */,
				1D60588F0D05DD3D006BFB54 /* Frameworks */,
			);
			buildRules = (
			);
			dependencies = (
			);
			name = AlausRadaras;
			productName = AlausRadaras;
			productReference = 1D6058910D05DD3D006BFB54 /* AlausRadaras.app */;
			productType = "com.apple.product-type.application";
		};
/* End PBXNativeTarget section */

/* Begin PBXProject section */
		29B97313FDCFA39411CA2CEA /* Project object */ = {
			isa = PBXProject;
			buildConfigurationList = C01FCF4E08A954540054247B /* Build configuration list for PBXProject "AlausRadaras" */;
			compatibilityVersion = "Xcode 3.1";
			developmentRegion = English;
			hasScannedForEncodings = 1;
			knownRegions = (
				English,
				Japanese,
				French,
				German,
			);
			mainGroup = 29B97314FDCFA39411CA2CEA /* CustomTemplate */;
			projectDirPath = "";
			projectRoot = "";
			targets = (
				1D6058900D05DD3D006BFB54 /* AlausRadaras */,
			);
		};
/* End PBXProject section */

/* Begin PBXResourcesBuildPhase section */
		1D60588D0D05DD3D006BFB54 /* Resources */ = {
			isa = PBXResourcesBuildPhase;
			buildActionMask = 2147483647;
			files = (
				28AD733F0D9D9553002E5188 /* MainWindow.xib in Resources */,
				2899E5220DE3E06400AC0155 /* AlausRadarasViewController.xib in Resources */,
				C97BF0BC12EA0C7E004519F0 /* icon.png in Resources */,
				C9E5021512EE0D3F00ADD54C /* BrandsViewController.xib in Resources */,
				C92E59AC12EE146E00412BFA /* BrandsTableCell.xib in Resources */,
				C9642B3A12EE35940033F9B8 /* MapViewController.xib in Resources */,
				C9D74DCA12EF3B9F008DE8E8 /* brands.txt in Resources */,
				C9D74DCB12EF3B9F008DE8E8 /* countries.txt in Resources */,
				C9D74DCC12EF3B9F008DE8E8 /* pubs.txt in Resources */,
				C9D74DCD12EF3B9F008DE8E8 /* qoutes.txt in Resources */,
				C9D74DCE12EF3B9F008DE8E8 /* tags.txt in Resources */,
				C9D74EAB12EF4733008DE8E8 /* brand_backoriu_tamsusis.png in Resources */,
				C9D74EAC12EF4733008DE8E8 /* brand_belmonto_sviesusis.png in Resources */,
				C9D74EAD12EF4733008DE8E8 /* brand_belmonto_ypatingas.png in Resources */,
				C9D74EAE12EF4733008DE8E8 /* brand_bernard_cerne.png in Resources */,
				C9D74EAF12EF4733008DE8E8 /* brand_birzu_sirvenos.png in Resources */,
				C9D74EB012EF4733008DE8E8 /* brand_bravaria.png in Resources */,
				C9D74EB112EF4733008DE8E8 /* brand_budweiser_budar.png in Resources */,
				C9D74EB212EF4733008DE8E8 /* brand_busi_trecias.png in Resources */,
				C9D74EB312EF4733008DE8E8 /* brand_butautu_dvaro.png in Resources */,
				C9D74EB412EF4733008DE8E8 /* brand_chodovar.png in Resources */,
				C9D74EB512EF4733008DE8E8 /* brand_daujotu.png in Resources */,
				C9D74EB612EF4733008DE8E8 /* brand_default.png in Resources */,
				C9D74EB712EF4733008DE8E8 /* brand_dundulio.png in Resources */,
				C9D74EB812EF4733008DE8E8 /* brand_ekstra_tvirtoves.png in Resources */,
				C9D74EB912EF4733008DE8E8 /* brand_erdinger.png in Resources */,
				C9D74EBA12EF4733008DE8E8 /* brand_franziskaner.png in Resources */,
				C9D74EBB12EF4733008DE8E8 /* brand_grimbergen.png in Resources */,
				C9D74EBC12EF4733008DE8E8 /* brand_gubernijos_kvietinis.png in Resources */,
				C9D74EBD12EF4733008DE8E8 /* brand_guinness.png in Resources */,
				C9D74EBE12EF4733008DE8E8 /* brand_heineken.png in Resources */,
				C9D74EBF12EF4733008DE8E8 /* brand_hoegaarden.png in Resources */,
				C9D74EC012EF4733008DE8E8 /* brand_jovaru_snekutis.png in Resources */,
				C9D74EC112EF4733008DE8E8 /* brand_kalnapilis_grand.png in Resources */,
				C9D74EC212EF4733008DE8E8 /* brand_kanapinis.png in Resources */,
				C9D74EC312EF4733008DE8E8 /* brand_katedros_medaus.png in Resources */,
				C9D74EC412EF4733008DE8E8 /* brand_katedros_sviesusis.png in Resources */,
				C9D74EC512EF4733008DE8E8 /* brand_katedros_tamsusis.png in Resources */,
				C9D74EC612EF4733008DE8E8 /* brand_kilkenny.png in Resources */,
				C9D74EC712EF4733008DE8E8 /* brand_kozel.png in Resources */,
				C9D74EC812EF4733008DE8E8 /* brand_krusovice.png in Resources */,
				C9D74EC912EF4733008DE8E8 /* brand_kunigaiksciu.png in Resources */,
				C9D74ECA12EF4733008DE8E8 /* brand_leffe.png in Resources */,
				C9D74ECB12EF4733008DE8E8 /* brand_murphys_stout.png in Resources */,
				C9D74ECC12EF4733008DE8E8 /* brand_new_castle_brown_ale.png in Resources */,
				C9D74ECD12EF4733008DE8E8 /* brand_pilies_alus.png in Resources */,
				C9D74ECE12EF4733008DE8E8 /* brand_raudonuju_dobilu.png in Resources */,
				C9D74ECF12EF4733008DE8E8 /* brand_rinkuskiu.png in Resources */,
				C9D74ED012EF4733008DE8E8 /* brand_samson.png in Resources */,
				C9D74ED112EF4733008DE8E8 /* brand_staropramen.png in Resources */,
				C9D74ED212EF4733008DE8E8 /* brand_svyturys_baltas.png in Resources */,
				C9D74ED312EF4733008DE8E8 /* brand_svyturys_baltijos.png in Resources */,
				C9D74ED412EF4733008DE8E8 /* brand_svyturys_ekstra.png in Resources */,
				C9D74ED512EF4733008DE8E8 /* brand_tauro_tradicinis.png in Resources */,
				C9D74ED612EF4733008DE8E8 /* brand_tores.png in Resources */,
				C9D74ED712EF4733008DE8E8 /* brand_tucher.png in Resources */,
				C9D74ED812EF4733008DE8E8 /* brand_utenos_dark.png in Resources */,
				C9D74ED912EF4733008DE8E8 /* brand_utenos.png in Resources */,
				C9D74EDA12EF4733008DE8E8 /* brand_varniuku_alus.png in Resources */,
				C9D74EDB12EF4733008DE8E8 /* brand_veltins.png in Resources */,
				C9D74EDC12EF4733008DE8E8 /* brand_velvet.png in Resources */,
				C9D74EDD12EF4733008DE8E8 /* brand_vilkmerges_tamsusis.png in Resources */,
				C9D74EDE12EF4733008DE8E8 /* brand_vilniaus_kvietinis.png in Resources */,
				C9D74EDF12EF4733008DE8E8 /* brand_vilniaus_nefiltruotas.png in Resources */,
				C9D74EE012EF4733008DE8E8 /* brand_zubr.png in Resources */,
				C9A3137F12F08E880005ED6C /* PubDetailViewController.xib in Resources */,
			);
			runOnlyForDeploymentPostprocessing = 0;
		};
/* End PBXResourcesBuildPhase section */

/* Begin PBXSourcesBuildPhase section */
		1D60588E0D05DD3D006BFB54 /* Sources */ = {
			isa = PBXSourcesBuildPhase;
			buildActionMask = 2147483647;
			files = (
				1D60589B0D05DD56006BFB54 /* main.m in Sources */,
				1D3623260D0F684500981E51 /* AlausRadarasAppDelegate.m in Sources */,
				28D7ACF80DDB3853001CB0EB /* AlausRadarasViewController.m in Sources */,
				C9E5021412EE0D3F00ADD54C /* BrandsViewController.m in Sources */,
				C92E59AB12EE146E00412BFA /* BrandsTableCell.m in Sources */,
				C9642B3912EE35940033F9B8 /* MapViewController.m in Sources */,
				C953E80C12EF5B7B001BD656 /* PubAnnotation.m in Sources */,
				C953E81312EF5D71001BD656 /* PubAnnotationView.m in Sources */,
				C953E93A12EF718D001BD656 /* Brand.m in Sources */,
				C9A3137E12F08E880005ED6C /* PubDetailViewController.m in Sources */,
				C9A313F912F097990005ED6C /* Pub.m in Sources */,
			);
			runOnlyForDeploymentPostprocessing = 0;
		};
/* End PBXSourcesBuildPhase section */

/* Begin XCBuildConfiguration section */
		1D6058940D05DD3E006BFB54 /* Debug */ = {
			isa = XCBuildConfiguration;
			buildSettings = {
				ALWAYS_SEARCH_USER_PATHS = NO;
				COPY_PHASE_STRIP = NO;
				GCC_DYNAMIC_NO_PIC = NO;
				GCC_OPTIMIZATION_LEVEL = 0;
				GCC_PRECOMPILE_PREFIX_HEADER = YES;
				GCC_PREFIX_HEADER = AlausRadaras_Prefix.pch;
				INFOPLIST_FILE = "AlausRadaras-Info.plist";
				PRODUCT_NAME = AlausRadaras;
			};
			name = Debug;
		};
		1D6058950D05DD3E006BFB54 /* Release */ = {
			isa = XCBuildConfiguration;
			buildSettings = {
				ALWAYS_SEARCH_USER_PATHS = NO;
				COPY_PHASE_STRIP = YES;
				GCC_PRECOMPILE_PREFIX_HEADER = YES;
				GCC_PREFIX_HEADER = AlausRadaras_Prefix.pch;
				INFOPLIST_FILE = "AlausRadaras-Info.plist";
				PRODUCT_NAME = AlausRadaras;
				VALIDATE_PRODUCT = YES;
			};
			name = Release;
		};
		C01FCF4F08A954540054247B /* Debug */ = {
			isa = XCBuildConfiguration;
			buildSettings = {
				ARCHS = "$(ARCHS_STANDARD_32_BIT)";
				"CODE_SIGN_IDENTITY[sdk=iphoneos*]" = "iPhone Developer";
				GCC_C_LANGUAGE_STANDARD = c99;
				GCC_WARN_ABOUT_RETURN_TYPE = YES;
				GCC_WARN_UNUSED_VARIABLE = YES;
				IPHONEOS_DEPLOYMENT_TARGET = 4.1;
				PREBINDING = NO;
				SDKROOT = iphoneos;
			};
			name = Debug;
		};
		C01FCF5008A954540054247B /* Release */ = {
			isa = XCBuildConfiguration;
			buildSettings = {
				ARCHS = "$(ARCHS_STANDARD_32_BIT)";
				"CODE_SIGN_IDENTITY[sdk=iphoneos*]" = "iPhone Developer";
				GCC_C_LANGUAGE_STANDARD = c99;
				GCC_WARN_ABOUT_RETURN_TYPE = YES;
				GCC_WARN_UNUSED_VARIABLE = YES;
				OTHER_CFLAGS = "-DNS_BLOCK_ASSERTIONS=1";
				PREBINDING = NO;
				SDKROOT = iphoneos;
			};
			name = Release;
		};
/* End XCBuildConfiguration section */

/* Begin XCConfigurationList section */
		1D6058960D05DD3E006BFB54 /* Build configuration list for PBXNativeTarget "AlausRadaras" */ = {
			isa = XCConfigurationList;
			buildConfigurations = (
				1D6058940D05DD3E006BFB54 /* Debug */,
				1D6058950D05DD3E006BFB54 /* Release */,
			);
			defaultConfigurationIsVisible = 0;
			defaultConfigurationName = Release;
		};
		C01FCF4E08A954540054247B /* Build configuration list for PBXProject "AlausRadaras" */ = {
			isa = XCConfigurationList;
			buildConfigurations = (
				C01FCF4F08A954540054247B /* Debug */,
				C01FCF5008A954540054247B /* Release */,
			);
			defaultConfigurationIsVisible = 0;
			defaultConfigurationName = Release;
		};
/* End XCConfigurationList section */
	};
	rootObject = 29B97313FDCFA39411CA2CEA /* Project object */;
}
