// !$*UTF8*$!
{
	archiveVersion = 1;
	classes = {
	};
	objectVersion = 45;
	objects = {

/* Begin PBXBuildFile section */
		1D3623260D0F684500981E51 /* AlausRadarasAppDelegate.m in Sources */ = {isa = PBXBuildFile; fileRef = 1D3623250D0F684500981E51 /* AlausRadarasAppDelegate.m */; };
		1D60589B0D05DD56006BFB54 /* main.m in Sources */ = {isa = PBXBuildFile; fileRef = 29B97316FDCFA39411CA2CEA /* main.m */; };
		1D60589F0D05DD5A006BFB54 /* Foundation.framework in Frameworks */ = {isa = PBXBuildFile; fileRef = 1D30AB110D05D00D00671497 /* Foundation.framework */; };
		1DF5F4E00D08C38300B7A737 /* UIKit.framework in Frameworks */ = {isa = PBXBuildFile; fileRef = 1DF5F4DF0D08C38300B7A737 /* UIKit.framework */; };
		288765A50DF7441C002DB57D /* CoreGraphics.framework in Frameworks */ = {isa = PBXBuildFile; fileRef = 288765A40DF7441C002DB57D /* CoreGraphics.framework */; };
		2899E5220DE3E06400AC0155 /* AlausRadarasViewController.xib in Resources */ = {isa = PBXBuildFile; fileRef = 2899E5210DE3E06400AC0155 /* AlausRadarasViewController.xib */; };
		28AD733F0D9D9553002E5188 /* MainWindow.xib in Resources */ = {isa = PBXBuildFile; fileRef = 28AD733E0D9D9553002E5188 /* MainWindow.xib */; };
		28D7ACF80DDB3853001CB0EB /* AlausRadarasViewController.m in Sources */ = {isa = PBXBuildFile; fileRef = 28D7ACF70DDB3853001CB0EB /* AlausRadarasViewController.m */; };
		C9071A7712FED00E00BDA053 /* beer-radar-schema.sqlite in Resources */ = {isa = PBXBuildFile; fileRef = C9071A7612FED00E00BDA053 /* beer-radar-schema.sqlite */; };
		C9071B1012FEDDB900BDA053 /* bokalas_btn.png in Resources */ = {isa = PBXBuildFile; fileRef = C9071B0F12FEDDB900BDA053 /* bokalas_btn.png */; };
		C9071C2012FF31F500BDA053 /* kur_as.png in Resources */ = {isa = PBXBuildFile; fileRef = C9071C1F12FF31F500BDA053 /* kur_as.png */; };
		C90AA23E1300AAB5002EE7AA /* Icon-Small.png in Resources */ = {isa = PBXBuildFile; fileRef = C90AA23A1300AAB5002EE7AA /* Icon-Small.png */; };
		C90AA23F1300AAB5002EE7AA /* Icon-Small@2x.png in Resources */ = {isa = PBXBuildFile; fileRef = C90AA23B1300AAB5002EE7AA /* Icon-Small@2x.png */; };
		C90AA2401300AAB5002EE7AA /* Icon.png in Resources */ = {isa = PBXBuildFile; fileRef = C90AA23C1300AAB5002EE7AA /* Icon.png */; };
		C90AA2411300AAB5002EE7AA /* Icon@2x.png in Resources */ = {isa = PBXBuildFile; fileRef = C90AA23D1300AAB5002EE7AA /* Icon@2x.png */; };
		C916C32D12FC7B9300AF396A /* FMResultSet.m in Sources */ = {isa = PBXBuildFile; fileRef = C916C32612FC7B9300AF396A /* FMResultSet.m */; };
		C916C32F12FC7B9300AF396A /* FMDatabaseAdditions.m in Sources */ = {isa = PBXBuildFile; fileRef = C916C32912FC7B9300AF396A /* FMDatabaseAdditions.m */; };
		C916C33012FC7B9300AF396A /* FMDatabase.m in Sources */ = {isa = PBXBuildFile; fileRef = C916C32B12FC7B9300AF396A /* FMDatabase.m */; };
		C928FBFA12FE00AB00D19918 /* pub_alaus_namai.png in Resources */ = {isa = PBXBuildFile; fileRef = C928FBF312FE00AB00D19918 /* pub_alaus_namai.png */; };
		C928FBFB12FE00AB00D19918 /* pub_bobo.png in Resources */ = {isa = PBXBuildFile; fileRef = C928FBF412FE00AB00D19918 /* pub_bobo.png */; };
		C928FBFC12FE00AB00D19918 /* pub_bunte_gans.png in Resources */ = {isa = PBXBuildFile; fileRef = C928FBF512FE00AB00D19918 /* pub_bunte_gans.png */; };
		C928FBFD12FE00AB00D19918 /* pub_pogo.png in Resources */ = {isa = PBXBuildFile; fileRef = C928FBF612FE00AB00D19918 /* pub_pogo.png */; };
		C928FBFF12FE00AB00D19918 /* pub_cactus.png in Resources */ = {isa = PBXBuildFile; fileRef = C928FBF812FE00AB00D19918 /* pub_cactus.png */; };
		C928FC0012FE00AB00D19918 /* pub_avilys.png in Resources */ = {isa = PBXBuildFile; fileRef = C928FBF912FE00AB00D19918 /* pub_avilys.png */; };
		C928FC0412FE012800D19918 /* pub_wall_street.png in Resources */ = {isa = PBXBuildFile; fileRef = C928FC0312FE012800D19918 /* pub_wall_street.png */; };
		C92E59AB12EE146E00412BFA /* BrandsTableCell.m in Sources */ = {isa = PBXBuildFile; fileRef = C92E59A912EE146E00412BFA /* BrandsTableCell.m */; };
		C92E59AC12EE146E00412BFA /* BrandsTableCell.xib in Resources */ = {isa = PBXBuildFile; fileRef = C92E59AA12EE146E00412BFA /* BrandsTableCell.xib */; };
		C953E80C12EF5B7B001BD656 /* PubAnnotation.m in Sources */ = {isa = PBXBuildFile; fileRef = C953E80B12EF5B7B001BD656 /* PubAnnotation.m */; };
		C953E93A12EF718D001BD656 /* Brand.m in Sources */ = {isa = PBXBuildFile; fileRef = C953E93912EF718D001BD656 /* Brand.m */; };
		C960135E12F0C69200DB53C0 /* background.png in Resources */ = {isa = PBXBuildFile; fileRef = C960135012F0C69200DB53C0 /* background.png */; };
		C960135F12F0C69200DB53C0 /* batonas.png in Resources */ = {isa = PBXBuildFile; fileRef = C960135112F0C69200DB53C0 /* batonas.png */; };
		C960136012F0C69200DB53C0 /* bokalas_vol_3.png in Resources */ = {isa = PBXBuildFile; fileRef = C960135212F0C69200DB53C0 /* bokalas_vol_3.png */; };
		C960136112F0C69200DB53C0 /* burbuliukas.png in Resources */ = {isa = PBXBuildFile; fileRef = C960135312F0C69200DB53C0 /* burbuliukas.png */; };
		C960136212F0C69200DB53C0 /* call.png in Resources */ = {isa = PBXBuildFile; fileRef = C960135412F0C69200DB53C0 /* call.png */; };
		C960136312F0C69200DB53C0 /* directions.png in Resources */ = {isa = PBXBuildFile; fileRef = C960135512F0C69200DB53C0 /* directions.png */; };
		C960136412F0C69200DB53C0 /* lucky.png in Resources */ = {isa = PBXBuildFile; fileRef = C960135612F0C69200DB53C0 /* lucky.png */; };
		C960136512F0C69200DB53C0 /* map_01.png in Resources */ = {isa = PBXBuildFile; fileRef = C960135712F0C69200DB53C0 /* map_01.png */; };
		C960136612F0C69200DB53C0 /* map_02.png in Resources */ = {isa = PBXBuildFile; fileRef = C960135812F0C69200DB53C0 /* map_02.png */; };
		C960136912F0C69200DB53C0 /* pin.png in Resources */ = {isa = PBXBuildFile; fileRef = C960135B12F0C69200DB53C0 /* pin.png */; };
		C960136A12F0C69200DB53C0 /* tag_01.png in Resources */ = {isa = PBXBuildFile; fileRef = C960135C12F0C69200DB53C0 /* tag_01.png */; };
		C960136B12F0C69200DB53C0 /* tag_02.png in Resources */ = {isa = PBXBuildFile; fileRef = C960135D12F0C69200DB53C0 /* tag_02.png */; };
		C9642B3912EE35940033F9B8 /* MapViewController.m in Sources */ = {isa = PBXBuildFile; fileRef = C9642B3712EE35940033F9B8 /* MapViewController.m */; };
		C9642B3A12EE35940033F9B8 /* MapViewController.xib in Resources */ = {isa = PBXBuildFile; fileRef = C9642B3812EE35940033F9B8 /* MapViewController.xib */; };
		C96A85F712F7516F0021B30B /* FeelingLucky.m in Sources */ = {isa = PBXBuildFile; fileRef = C96A85F612F7516F0021B30B /* FeelingLucky.m */; };
		C96A86A712F767E40021B30B /* bottle_cap.png in Resources */ = {isa = PBXBuildFile; fileRef = C96A86A612F767E40021B30B /* bottle_cap.png */; };
		C96A86AD12F76AE70021B30B /* bottle_cap_back.png in Resources */ = {isa = PBXBuildFile; fileRef = C96A86AC12F76AE70021B30B /* bottle_cap_back.png */; };
		C97683C312F21C0B00D4E9F3 /* BrandsDetailViewController.m in Sources */ = {isa = PBXBuildFile; fileRef = C97683C212F21C0B00D4E9F3 /* BrandsDetailViewController.m */; };
		C976847912F22A2900D4E9F3 /* CodeValue.m in Sources */ = {isa = PBXBuildFile; fileRef = C976847812F22A2900D4E9F3 /* CodeValue.m */; };
		C986CB3D12F3F74300865F6D /* background@2x.png in Resources */ = {isa = PBXBuildFile; fileRef = C986CB3C12F3F74300865F6D /* background@2x.png */; };
		C986CB4412F3F83800865F6D /* pin@2x.png in Resources */ = {isa = PBXBuildFile; fileRef = C986CB4312F3F83800865F6D /* pin@2x.png */; };
		C986CF3412F45B7100865F6D /* brand_backoriu_tamsusis.png in Resources */ = {isa = PBXBuildFile; fileRef = C986CEFE12F45B7100865F6D /* brand_backoriu_tamsusis.png */; };
		C986CF3512F45B7100865F6D /* brand_belmonto_sviesusis.png in Resources */ = {isa = PBXBuildFile; fileRef = C986CEFF12F45B7100865F6D /* brand_belmonto_sviesusis.png */; };
		C986CF3612F45B7100865F6D /* brand_belmonto_ypatingas.png in Resources */ = {isa = PBXBuildFile; fileRef = C986CF0012F45B7100865F6D /* brand_belmonto_ypatingas.png */; };
		C986CF3712F45B7100865F6D /* brand_bernard_cerne.png in Resources */ = {isa = PBXBuildFile; fileRef = C986CF0112F45B7100865F6D /* brand_bernard_cerne.png */; };
		C986CF3812F45B7100865F6D /* brand_birzu_sirvenos.png in Resources */ = {isa = PBXBuildFile; fileRef = C986CF0212F45B7100865F6D /* brand_birzu_sirvenos.png */; };
		C986CF3912F45B7100865F6D /* brand_bravaria.png in Resources */ = {isa = PBXBuildFile; fileRef = C986CF0312F45B7100865F6D /* brand_bravaria.png */; };
		C986CF3A12F45B7100865F6D /* brand_budweiser_budar.png in Resources */ = {isa = PBXBuildFile; fileRef = C986CF0412F45B7100865F6D /* brand_budweiser_budar.png */; };
		C986CF3B12F45B7100865F6D /* brand_busi_trecias.png in Resources */ = {isa = PBXBuildFile; fileRef = C986CF0512F45B7100865F6D /* brand_busi_trecias.png */; };
		C986CF3C12F45B7100865F6D /* brand_butautu_dvaro.png in Resources */ = {isa = PBXBuildFile; fileRef = C986CF0612F45B7100865F6D /* brand_butautu_dvaro.png */; };
		C986CF3D12F45B7100865F6D /* brand_chodovar.png in Resources */ = {isa = PBXBuildFile; fileRef = C986CF0712F45B7100865F6D /* brand_chodovar.png */; };
		C986CF3E12F45B7100865F6D /* brand_daujotu.png in Resources */ = {isa = PBXBuildFile; fileRef = C986CF0812F45B7100865F6D /* brand_daujotu.png */; };
		C986CF3F12F45B7100865F6D /* brand_default.png in Resources */ = {isa = PBXBuildFile; fileRef = C986CF0912F45B7100865F6D /* brand_default.png */; };
		C986CF4012F45B7100865F6D /* brand_dundulio.png in Resources */ = {isa = PBXBuildFile; fileRef = C986CF0A12F45B7100865F6D /* brand_dundulio.png */; };
		C986CF4112F45B7100865F6D /* brand_ekstra_tvirtoves.png in Resources */ = {isa = PBXBuildFile; fileRef = C986CF0B12F45B7100865F6D /* brand_ekstra_tvirtoves.png */; };
		C986CF4212F45B7100865F6D /* brand_erdinger.png in Resources */ = {isa = PBXBuildFile; fileRef = C986CF0C12F45B7100865F6D /* brand_erdinger.png */; };
		C986CF4312F45B7100865F6D /* brand_franziskaner.png in Resources */ = {isa = PBXBuildFile; fileRef = C986CF0D12F45B7100865F6D /* brand_franziskaner.png */; };
		C986CF4412F45B7100865F6D /* brand_grimbergen.png in Resources */ = {isa = PBXBuildFile; fileRef = C986CF0E12F45B7100865F6D /* brand_grimbergen.png */; };
		C986CF4512F45B7100865F6D /* brand_gubernijos_kvietinis.png in Resources */ = {isa = PBXBuildFile; fileRef = C986CF0F12F45B7100865F6D /* brand_gubernijos_kvietinis.png */; };
		C986CF4612F45B7100865F6D /* brand_guinness.png in Resources */ = {isa = PBXBuildFile; fileRef = C986CF1012F45B7100865F6D /* brand_guinness.png */; };
		C986CF4712F45B7100865F6D /* brand_heineken.png in Resources */ = {isa = PBXBuildFile; fileRef = C986CF1112F45B7100865F6D /* brand_heineken.png */; };
		C986CF4812F45B7100865F6D /* brand_hoegaarden.png in Resources */ = {isa = PBXBuildFile; fileRef = C986CF1212F45B7100865F6D /* brand_hoegaarden.png */; };
		C986CF4912F45B7100865F6D /* brand_jovaru_snekutis.png in Resources */ = {isa = PBXBuildFile; fileRef = C986CF1312F45B7100865F6D /* brand_jovaru_snekutis.png */; };
		C986CF4A12F45B7100865F6D /* brand_kalnapilis_grand.png in Resources */ = {isa = PBXBuildFile; fileRef = C986CF1412F45B7100865F6D /* brand_kalnapilis_grand.png */; };
		C986CF4B12F45B7100865F6D /* brand_kanapinis.png in Resources */ = {isa = PBXBuildFile; fileRef = C986CF1512F45B7100865F6D /* brand_kanapinis.png */; };
		C986CF4C12F45B7100865F6D /* brand_katedros_medaus.png in Resources */ = {isa = PBXBuildFile; fileRef = C986CF1612F45B7100865F6D /* brand_katedros_medaus.png */; };
		C986CF4D12F45B7100865F6D /* brand_katedros_sviesusis.png in Resources */ = {isa = PBXBuildFile; fileRef = C986CF1712F45B7100865F6D /* brand_katedros_sviesusis.png */; };
		C986CF4E12F45B7100865F6D /* brand_katedros_tamsusis.png in Resources */ = {isa = PBXBuildFile; fileRef = C986CF1812F45B7100865F6D /* brand_katedros_tamsusis.png */; };
		C986CF4F12F45B7100865F6D /* brand_kilkenny.png in Resources */ = {isa = PBXBuildFile; fileRef = C986CF1912F45B7100865F6D /* brand_kilkenny.png */; };
		C986CF5012F45B7100865F6D /* brand_kozel.png in Resources */ = {isa = PBXBuildFile; fileRef = C986CF1A12F45B7100865F6D /* brand_kozel.png */; };
		C986CF5112F45B7100865F6D /* brand_krusovice.png in Resources */ = {isa = PBXBuildFile; fileRef = C986CF1B12F45B7100865F6D /* brand_krusovice.png */; };
		C986CF5212F45B7100865F6D /* brand_kunigaiksciu.png in Resources */ = {isa = PBXBuildFile; fileRef = C986CF1C12F45B7100865F6D /* brand_kunigaiksciu.png */; };
		C986CF5312F45B7100865F6D /* brand_leffe.png in Resources */ = {isa = PBXBuildFile; fileRef = C986CF1D12F45B7100865F6D /* brand_leffe.png */; };
		C986CF5412F45B7100865F6D /* brand_murphys_stout.png in Resources */ = {isa = PBXBuildFile; fileRef = C986CF1E12F45B7100865F6D /* brand_murphys_stout.png */; };
		C986CF5512F45B7100865F6D /* brand_new_castle_brown_ale.png in Resources */ = {isa = PBXBuildFile; fileRef = C986CF1F12F45B7100865F6D /* brand_new_castle_brown_ale.png */; };
		C986CF5612F45B7100865F6D /* brand_pilies_alus.png in Resources */ = {isa = PBXBuildFile; fileRef = C986CF2012F45B7100865F6D /* brand_pilies_alus.png */; };
		C986CF5712F45B7100865F6D /* brand_raudonuju_dobilu.png in Resources */ = {isa = PBXBuildFile; fileRef = C986CF2112F45B7100865F6D /* brand_raudonuju_dobilu.png */; };
		C986CF5812F45B7100865F6D /* brand_rinkuskiu.png in Resources */ = {isa = PBXBuildFile; fileRef = C986CF2212F45B7100865F6D /* brand_rinkuskiu.png */; };
		C986CF5912F45B7100865F6D /* brand_samson.png in Resources */ = {isa = PBXBuildFile; fileRef = C986CF2312F45B7100865F6D /* brand_samson.png */; };
		C986CF5A12F45B7100865F6D /* brand_staropramen.png in Resources */ = {isa = PBXBuildFile; fileRef = C986CF2412F45B7100865F6D /* brand_staropramen.png */; };
		C986CF5B12F45B7100865F6D /* brand_svyturys_baltas.png in Resources */ = {isa = PBXBuildFile; fileRef = C986CF2512F45B7100865F6D /* brand_svyturys_baltas.png */; };
		C986CF5C12F45B7100865F6D /* brand_svyturys_baltijos.png in Resources */ = {isa = PBXBuildFile; fileRef = C986CF2612F45B7100865F6D /* brand_svyturys_baltijos.png */; };
		C986CF5D12F45B7100865F6D /* brand_svyturys_ekstra.png in Resources */ = {isa = PBXBuildFile; fileRef = C986CF2712F45B7100865F6D /* brand_svyturys_ekstra.png */; };
		C986CF5E12F45B7100865F6D /* brand_tauro_tradicinis.png in Resources */ = {isa = PBXBuildFile; fileRef = C986CF2812F45B7100865F6D /* brand_tauro_tradicinis.png */; };
		C986CF5F12F45B7100865F6D /* brand_tores.png in Resources */ = {isa = PBXBuildFile; fileRef = C986CF2912F45B7100865F6D /* brand_tores.png */; };
		C986CF6012F45B7100865F6D /* brand_tucher.png in Resources */ = {isa = PBXBuildFile; fileRef = C986CF2A12F45B7100865F6D /* brand_tucher.png */; };
		C986CF6112F45B7100865F6D /* brand_utenos_dark.png in Resources */ = {isa = PBXBuildFile; fileRef = C986CF2B12F45B7100865F6D /* brand_utenos_dark.png */; };
		C986CF6212F45B7100865F6D /* brand_utenos.png in Resources */ = {isa = PBXBuildFile; fileRef = C986CF2C12F45B7100865F6D /* brand_utenos.png */; };
		C986CF6312F45B7100865F6D /* brand_varniuku_alus.png in Resources */ = {isa = PBXBuildFile; fileRef = C986CF2D12F45B7100865F6D /* brand_varniuku_alus.png */; };
		C986CF6412F45B7100865F6D /* brand_veltins.png in Resources */ = {isa = PBXBuildFile; fileRef = C986CF2E12F45B7100865F6D /* brand_veltins.png */; };
		C986CF6512F45B7100865F6D /* brand_velvet.png in Resources */ = {isa = PBXBuildFile; fileRef = C986CF2F12F45B7100865F6D /* brand_velvet.png */; };
		C986CF6612F45B7100865F6D /* brand_vilkmerges_tamsusis.png in Resources */ = {isa = PBXBuildFile; fileRef = C986CF3012F45B7100865F6D /* brand_vilkmerges_tamsusis.png */; };
		C986CF6712F45B7100865F6D /* brand_vilniaus_kvietinis.png in Resources */ = {isa = PBXBuildFile; fileRef = C986CF3112F45B7100865F6D /* brand_vilniaus_kvietinis.png */; };
		C986CF6812F45B7100865F6D /* brand_vilniaus_nefiltruotas.png in Resources */ = {isa = PBXBuildFile; fileRef = C986CF3212F45B7100865F6D /* brand_vilniaus_nefiltruotas.png */; };
		C986CF6912F45B7100865F6D /* brand_zubr.png in Resources */ = {isa = PBXBuildFile; fileRef = C986CF3312F45B7100865F6D /* brand_zubr.png */; };
		C986CFD912F4703400865F6D /* pub_obuolys.png in Resources */ = {isa = PBXBuildFile; fileRef = C986CFD812F4703400865F6D /* pub_obuolys.png */; };
		C986CFFF12F4756900865F6D /* pub_alaus_studija@2x.png in Resources */ = {isa = PBXBuildFile; fileRef = C986CFFE12F4756900865F6D /* pub_alaus_studija@2x.png */; };
		C986D00D12F479E100865F6D /* back.png in Resources */ = {isa = PBXBuildFile; fileRef = C986D00C12F479E000865F6D /* back.png */; };
		C986D03212F481A100865F6D /* LuckyController.m in Sources */ = {isa = PBXBuildFile; fileRef = C986D03112F481A100865F6D /* LuckyController.m */; };
		C98A411612FE9582001E04A2 /* SQLiteManager.m in Sources */ = {isa = PBXBuildFile; fileRef = C98A411512FE9582001E04A2 /* SQLiteManager.m */; };
		C9911F4712F1F80600AF4ECE /* TextDatabaseService.m in Sources */ = {isa = PBXBuildFile; fileRef = C9911F4612F1F80600AF4ECE /* TextDatabaseService.m */; };
		C9A3137E12F08E880005ED6C /* PubDetailViewController.m in Sources */ = {isa = PBXBuildFile; fileRef = C9A3137C12F08E880005ED6C /* PubDetailViewController.m */; };
		C9A3137F12F08E880005ED6C /* PubDetailViewController.xib in Resources */ = {isa = PBXBuildFile; fileRef = C9A3137D12F08E880005ED6C /* PubDetailViewController.xib */; };
		C9A313F912F097990005ED6C /* Pub.m in Sources */ = {isa = PBXBuildFile; fileRef = C9A313F812F097990005ED6C /* Pub.m */; };
		C9BC0B9712F5A791002DB792 /* pub_kauno_alus.png in Resources */ = {isa = PBXBuildFile; fileRef = C9BC0B9612F5A791002DB792 /* pub_kauno_alus.png */; };
		C9BC0C4A12F5C344002DB792 /* pub_memelis.png in Resources */ = {isa = PBXBuildFile; fileRef = C9BC0C4912F5C344002DB792 /* pub_memelis.png */; };
		C9C1CB4F12EA30B2003C7CC5 /* MapKit.framework in Frameworks */ = {isa = PBXBuildFile; fileRef = C9C1CB4E12EA30B2003C7CC5 /* MapKit.framework */; };
		C9C1CB5112EA30BE003C7CC5 /* CoreLocation.framework in Frameworks */ = {isa = PBXBuildFile; fileRef = C9C1CB5012EA30BE003C7CC5 /* CoreLocation.framework */; };
		C9CEFD2612FB1BF80010E6FF /* internet.png in Resources */ = {isa = PBXBuildFile; fileRef = C9CEFD2512FB1BF80010E6FF /* internet.png */; };
		C9D470E613009A5C009C04AF /* Default@2x.png in Resources */ = {isa = PBXBuildFile; fileRef = C9D470E513009A5C009C04AF /* Default@2x.png */; };
		C9D471121300A267009C04AF /* Default.png in Resources */ = {isa = PBXBuildFile; fileRef = C9D471111300A267009C04AF /* Default.png */; };
		C9D74DCA12EF3B9F008DE8E8 /* brands.txt in Resources */ = {isa = PBXBuildFile; fileRef = C9D74DC512EF3B9F008DE8E8 /* brands.txt */; };
		C9D74DCB12EF3B9F008DE8E8 /* countries.txt in Resources */ = {isa = PBXBuildFile; fileRef = C9D74DC612EF3B9F008DE8E8 /* countries.txt */; };
		C9D74DCC12EF3B9F008DE8E8 /* pubs.txt in Resources */ = {isa = PBXBuildFile; fileRef = C9D74DC712EF3B9F008DE8E8 /* pubs.txt */; };
		C9D74DCD12EF3B9F008DE8E8 /* qoutes.txt in Resources */ = {isa = PBXBuildFile; fileRef = C9D74DC812EF3B9F008DE8E8 /* qoutes.txt */; };
		C9D74DCE12EF3B9F008DE8E8 /* tags.txt in Resources */ = {isa = PBXBuildFile; fileRef = C9D74DC912EF3B9F008DE8E8 /* tags.txt */; };
		C9DA6F0712F34E0700D9886A /* BeerCounterController.m in Sources */ = {isa = PBXBuildFile; fileRef = C9DA6F0612F34E0700D9886A /* BeerCounterController.m */; };
		C9E5021412EE0D3F00ADD54C /* BrandsViewController.m in Sources */ = {isa = PBXBuildFile; fileRef = C9E5021212EE0D3F00ADD54C /* BrandsViewController.m */; };
		C9E5021512EE0D3F00ADD54C /* BrandsViewController.xib in Resources */ = {isa = PBXBuildFile; fileRef = C9E5021312EE0D3F00ADD54C /* BrandsViewController.xib */; };
		C9E8E25612F9FAD400E927C1 /* beer-radar-db.sqlite in Resources */ = {isa = PBXBuildFile; fileRef = C9E8E25512F9FAD400E927C1 /* beer-radar-db.sqlite */; };
		C9E8E26612F9FB0600E927C1 /* libsqlite3.0.dylib in Frameworks */ = {isa = PBXBuildFile; fileRef = C9E8E26512F9FB0600E927C1 /* libsqlite3.0.dylib */; };
		C9EDF27512F89F8E00E9069A /* close.png in Resources */ = {isa = PBXBuildFile; fileRef = C9EDF27412F89F8E00E9069A /* close.png */; };
/* End PBXBuildFile section */

/* Begin PBXFileReference section */
		1D30AB110D05D00D00671497 /* Foundation.framework */ = {isa = PBXFileReference; lastKnownFileType = wrapper.framework; name = Foundation.framework; path = System/Library/Frameworks/Foundation.framework; sourceTree = SDKROOT; };
		1D3623240D0F684500981E51 /* AlausRadarasAppDelegate.h */ = {isa = PBXFileReference; fileEncoding = 4; lastKnownFileType = sourcecode.c.h; path = AlausRadarasAppDelegate.h; sourceTree = "<group>"; };
		1D3623250D0F684500981E51 /* AlausRadarasAppDelegate.m */ = {isa = PBXFileReference; fileEncoding = 4; lastKnownFileType = sourcecode.c.objc; path = AlausRadarasAppDelegate.m; sourceTree = "<group>"; };
		1D6058910D05DD3D006BFB54 /* AlausRadaras.app */ = {isa = PBXFileReference; explicitFileType = wrapper.application; includeInIndex = 0; path = AlausRadaras.app; sourceTree = BUILT_PRODUCTS_DIR; };
		1DF5F4DF0D08C38300B7A737 /* UIKit.framework */ = {isa = PBXFileReference; lastKnownFileType = wrapper.framework; name = UIKit.framework; path = System/Library/Frameworks/UIKit.framework; sourceTree = SDKROOT; };
		288765A40DF7441C002DB57D /* CoreGraphics.framework */ = {isa = PBXFileReference; lastKnownFileType = wrapper.framework; name = CoreGraphics.framework; path = System/Library/Frameworks/CoreGraphics.framework; sourceTree = SDKROOT; };
		2899E5210DE3E06400AC0155 /* AlausRadarasViewController.xib */ = {isa = PBXFileReference; lastKnownFileType = file.xib; path = AlausRadarasViewController.xib; sourceTree = "<group>"; };
		28AD733E0D9D9553002E5188 /* MainWindow.xib */ = {isa = PBXFileReference; lastKnownFileType = file.xib; path = MainWindow.xib; sourceTree = "<group>"; };
		28D7ACF60DDB3853001CB0EB /* AlausRadarasViewController.h */ = {isa = PBXFileReference; fileEncoding = 4; lastKnownFileType = sourcecode.c.h; path = AlausRadarasViewController.h; sourceTree = "<group>"; };
		28D7ACF70DDB3853001CB0EB /* AlausRadarasViewController.m */ = {isa = PBXFileReference; fileEncoding = 4; lastKnownFileType = sourcecode.c.objc; path = AlausRadarasViewController.m; sourceTree = "<group>"; };
		29B97316FDCFA39411CA2CEA /* main.m */ = {isa = PBXFileReference; fileEncoding = 4; lastKnownFileType = sourcecode.c.objc; path = main.m; sourceTree = "<group>"; };
		32CA4F630368D1EE00C91783 /* AlausRadaras_Prefix.pch */ = {isa = PBXFileReference; fileEncoding = 4; lastKnownFileType = sourcecode.c.h; path = AlausRadaras_Prefix.pch; sourceTree = "<group>"; };
		8D1107310486CEB800E47090 /* AlausRadaras-Info.plist */ = {isa = PBXFileReference; fileEncoding = 4; lastKnownFileType = text.plist.xml; path = "AlausRadaras-Info.plist"; plistStructureDefinitionIdentifier = "com.apple.xcode.plist.structure-definition.iphone.info-plist"; sourceTree = "<group>"; };
		C9071A7612FED00E00BDA053 /* beer-radar-schema.sqlite */ = {isa = PBXFileReference; lastKnownFileType = file; path = "beer-radar-schema.sqlite"; sourceTree = "<group>"; };
		C9071B0F12FEDDB900BDA053 /* bokalas_btn.png */ = {isa = PBXFileReference; lastKnownFileType = image.png; name = bokalas_btn.png; path = resources/images/bokalas_btn.png; sourceTree = "<group>"; };
		C9071C1F12FF31F500BDA053 /* kur_as.png */ = {isa = PBXFileReference; lastKnownFileType = image.png; name = kur_as.png; path = resources/images/kur_as.png; sourceTree = "<group>"; };
		C90AA23A1300AAB5002EE7AA /* Icon-Small.png */ = {isa = PBXFileReference; lastKnownFileType = image.png; name = "Icon-Small.png"; path = "resources/images/Icon-Small.png"; sourceTree = "<group>"; };
		C90AA23B1300AAB5002EE7AA /* Icon-Small@2x.png */ = {isa = PBXFileReference; lastKnownFileType = image.png; name = "Icon-Small@2x.png"; path = "resources/images/Icon-Small@2x.png"; sourceTree = "<group>"; };
		C90AA23C1300AAB5002EE7AA /* Icon.png */ = {isa = PBXFileReference; lastKnownFileType = image.png; name = Icon.png; path = resources/images/Icon.png; sourceTree = "<group>"; };
		C90AA23D1300AAB5002EE7AA /* Icon@2x.png */ = {isa = PBXFileReference; lastKnownFileType = image.png; name = "Icon@2x.png"; path = "resources/images/Icon@2x.png"; sourceTree = "<group>"; };
		C916C32612FC7B9300AF396A /* FMResultSet.m */ = {isa = PBXFileReference; fileEncoding = 4; lastKnownFileType = sourcecode.c.objc; name = FMResultSet.m; path = Classes/FMDB/FMResultSet.m; sourceTree = "<group>"; };
		C916C32712FC7B9300AF396A /* FMResultSet.h */ = {isa = PBXFileReference; fileEncoding = 4; lastKnownFileType = sourcecode.c.h; name = FMResultSet.h; path = Classes/FMDB/FMResultSet.h; sourceTree = "<group>"; };
		C916C32912FC7B9300AF396A /* FMDatabaseAdditions.m */ = {isa = PBXFileReference; fileEncoding = 4; lastKnownFileType = sourcecode.c.objc; name = FMDatabaseAdditions.m; path = Classes/FMDB/FMDatabaseAdditions.m; sourceTree = "<group>"; };
		C916C32A12FC7B9300AF396A /* FMDatabaseAdditions.h */ = {isa = PBXFileReference; fileEncoding = 4; lastKnownFileType = sourcecode.c.h; name = FMDatabaseAdditions.h; path = Classes/FMDB/FMDatabaseAdditions.h; sourceTree = "<group>"; };
		C916C32B12FC7B9300AF396A /* FMDatabase.m */ = {isa = PBXFileReference; fileEncoding = 4; lastKnownFileType = sourcecode.c.objc; name = FMDatabase.m; path = Classes/FMDB/FMDatabase.m; sourceTree = "<group>"; };
		C916C32C12FC7B9300AF396A /* FMDatabase.h */ = {isa = PBXFileReference; fileEncoding = 4; lastKnownFileType = sourcecode.c.h; name = FMDatabase.h; path = Classes/FMDB/FMDatabase.h; sourceTree = "<group>"; };
		C928FBF312FE00AB00D19918 /* pub_alaus_namai.png */ = {isa = PBXFileReference; lastKnownFileType = image.png; name = pub_alaus_namai.png; path = resources/pubs/pub_alaus_namai.png; sourceTree = "<group>"; };
		C928FBF412FE00AB00D19918 /* pub_bobo.png */ = {isa = PBXFileReference; lastKnownFileType = image.png; name = pub_bobo.png; path = resources/pubs/pub_bobo.png; sourceTree = "<group>"; };
		C928FBF512FE00AB00D19918 /* pub_bunte_gans.png */ = {isa = PBXFileReference; lastKnownFileType = image.png; name = pub_bunte_gans.png; path = resources/pubs/pub_bunte_gans.png; sourceTree = "<group>"; };
		C928FBF612FE00AB00D19918 /* pub_pogo.png */ = {isa = PBXFileReference; lastKnownFileType = image.png; name = pub_pogo.png; path = resources/pubs/pub_pogo.png; sourceTree = "<group>"; };
		C928FBF812FE00AB00D19918 /* pub_cactus.png */ = {isa = PBXFileReference; lastKnownFileType = image.png; name = pub_cactus.png; path = resources/pubs/pub_cactus.png; sourceTree = "<group>"; };
		C928FBF912FE00AB00D19918 /* pub_avilys.png */ = {isa = PBXFileReference; lastKnownFileType = image.png; name = pub_avilys.png; path = resources/pubs/pub_avilys.png; sourceTree = "<group>"; };
		C928FC0312FE012800D19918 /* pub_wall_street.png */ = {isa = PBXFileReference; lastKnownFileType = image.png; name = pub_wall_street.png; path = resources/pubs/pub_wall_street.png; sourceTree = "<group>"; };
		C92E59A812EE146E00412BFA /* BrandsTableCell.h */ = {isa = PBXFileReference; fileEncoding = 4; lastKnownFileType = sourcecode.c.h; path = BrandsTableCell.h; sourceTree = "<group>"; };
		C92E59A912EE146E00412BFA /* BrandsTableCell.m */ = {isa = PBXFileReference; fileEncoding = 4; lastKnownFileType = sourcecode.c.objc; path = BrandsTableCell.m; sourceTree = "<group>"; };
		C92E59AA12EE146E00412BFA /* BrandsTableCell.xib */ = {isa = PBXFileReference; lastKnownFileType = file.xib; name = BrandsTableCell.xib; path = Classes/BrandsTableCell.xib; sourceTree = "<group>"; };
		C92E5A3D12EE1DC900412BFA /* BrandsViewController.h */ = {isa = PBXFileReference; fileEncoding = 4; lastKnownFileType = sourcecode.c.h; path = BrandsViewController.h; sourceTree = "<group>"; };
		C953E80A12EF5B7B001BD656 /* PubAnnotation.h */ = {isa = PBXFileReference; fileEncoding = 4; lastKnownFileType = sourcecode.c.h; path = PubAnnotation.h; sourceTree = "<group>"; };
		C953E80B12EF5B7B001BD656 /* PubAnnotation.m */ = {isa = PBXFileReference; fileEncoding = 4; lastKnownFileType = sourcecode.c.objc; path = PubAnnotation.m; sourceTree = "<group>"; };
		C953E93812EF718D001BD656 /* Brand.h */ = {isa = PBXFileReference; fileEncoding = 4; lastKnownFileType = sourcecode.c.h; name = Brand.h; path = Classes/Brand.h; sourceTree = "<group>"; };
		C953E93912EF718D001BD656 /* Brand.m */ = {isa = PBXFileReference; fileEncoding = 4; lastKnownFileType = sourcecode.c.objc; name = Brand.m; path = Classes/Brand.m; sourceTree = "<group>"; };
		C960135012F0C69200DB53C0 /* background.png */ = {isa = PBXFileReference; lastKnownFileType = image.png; name = background.png; path = resources/images/background.png; sourceTree = "<group>"; };
		C960135112F0C69200DB53C0 /* batonas.png */ = {isa = PBXFileReference; lastKnownFileType = image.png; name = batonas.png; path = resources/images/batonas.png; sourceTree = "<group>"; };
		C960135212F0C69200DB53C0 /* bokalas_vol_3.png */ = {isa = PBXFileReference; lastKnownFileType = image.png; name = bokalas_vol_3.png; path = resources/images/bokalas_vol_3.png; sourceTree = "<group>"; };
		C960135312F0C69200DB53C0 /* burbuliukas.png */ = {isa = PBXFileReference; lastKnownFileType = image.png; name = burbuliukas.png; path = resources/images/burbuliukas.png; sourceTree = "<group>"; };
		C960135412F0C69200DB53C0 /* call.png */ = {isa = PBXFileReference; lastKnownFileType = image.png; name = call.png; path = resources/images/call.png; sourceTree = "<group>"; };
		C960135512F0C69200DB53C0 /* directions.png */ = {isa = PBXFileReference; lastKnownFileType = image.png; name = directions.png; path = resources/images/directions.png; sourceTree = "<group>"; };
		C960135612F0C69200DB53C0 /* lucky.png */ = {isa = PBXFileReference; lastKnownFileType = image.png; name = lucky.png; path = resources/images/lucky.png; sourceTree = "<group>"; };
		C960135712F0C69200DB53C0 /* map_01.png */ = {isa = PBXFileReference; lastKnownFileType = image.png; name = map_01.png; path = resources/images/map_01.png; sourceTree = "<group>"; };
		C960135812F0C69200DB53C0 /* map_02.png */ = {isa = PBXFileReference; lastKnownFileType = image.png; name = map_02.png; path = resources/images/map_02.png; sourceTree = "<group>"; };
		C960135B12F0C69200DB53C0 /* pin.png */ = {isa = PBXFileReference; lastKnownFileType = image.png; name = pin.png; path = resources/images/pin.png; sourceTree = "<group>"; };
		C960135C12F0C69200DB53C0 /* tag_01.png */ = {isa = PBXFileReference; lastKnownFileType = image.png; name = tag_01.png; path = resources/images/tag_01.png; sourceTree = "<group>"; };
		C960135D12F0C69200DB53C0 /* tag_02.png */ = {isa = PBXFileReference; lastKnownFileType = image.png; name = tag_02.png; path = resources/images/tag_02.png; sourceTree = "<group>"; };
		C9642B3612EE35940033F9B8 /* MapViewController.h */ = {isa = PBXFileReference; fileEncoding = 4; lastKnownFileType = sourcecode.c.h; path = MapViewController.h; sourceTree = "<group>"; };
		C9642B3712EE35940033F9B8 /* MapViewController.m */ = {isa = PBXFileReference; fileEncoding = 4; lastKnownFileType = sourcecode.c.objc; path = MapViewController.m; sourceTree = "<group>"; };
		C9642B3812EE35940033F9B8 /* MapViewController.xib */ = {isa = PBXFileReference; lastKnownFileType = file.xib; name = MapViewController.xib; path = Classes/MapViewController.xib; sourceTree = "<group>"; };
		C96A85F512F7516F0021B30B /* FeelingLucky.h */ = {isa = PBXFileReference; fileEncoding = 4; lastKnownFileType = sourcecode.c.h; path = FeelingLucky.h; sourceTree = "<group>"; };
		C96A85F612F7516F0021B30B /* FeelingLucky.m */ = {isa = PBXFileReference; fileEncoding = 4; lastKnownFileType = sourcecode.c.objc; path = FeelingLucky.m; sourceTree = "<group>"; };
		C96A86A612F767E40021B30B /* bottle_cap.png */ = {isa = PBXFileReference; lastKnownFileType = image.png; name = bottle_cap.png; path = resources/images/bottle_cap.png; sourceTree = "<group>"; };
		C96A86AC12F76AE70021B30B /* bottle_cap_back.png */ = {isa = PBXFileReference; lastKnownFileType = image.png; name = bottle_cap_back.png; path = resources/images/bottle_cap_back.png; sourceTree = "<group>"; };
		C97683C112F21C0B00D4E9F3 /* BrandsDetailViewController.h */ = {isa = PBXFileReference; fileEncoding = 4; lastKnownFileType = sourcecode.c.h; path = BrandsDetailViewController.h; sourceTree = "<group>"; };
		C97683C212F21C0B00D4E9F3 /* BrandsDetailViewController.m */ = {isa = PBXFileReference; fileEncoding = 4; lastKnownFileType = sourcecode.c.objc; path = BrandsDetailViewController.m; sourceTree = "<group>"; };
		C976847712F22A2900D4E9F3 /* CodeValue.h */ = {isa = PBXFileReference; fileEncoding = 4; lastKnownFileType = sourcecode.c.h; path = CodeValue.h; sourceTree = "<group>"; };
		C976847812F22A2900D4E9F3 /* CodeValue.m */ = {isa = PBXFileReference; fileEncoding = 4; lastKnownFileType = sourcecode.c.objc; path = CodeValue.m; sourceTree = "<group>"; };
		C986CB3C12F3F74300865F6D /* background@2x.png */ = {isa = PBXFileReference; lastKnownFileType = image.png; name = "background@2x.png"; path = "resources/images/background@2x.png"; sourceTree = "<group>"; };
		C986CB4312F3F83800865F6D /* pin@2x.png */ = {isa = PBXFileReference; lastKnownFileType = image.png; name = "pin@2x.png"; path = "resources/images/pin@2x.png"; sourceTree = "<group>"; };
		C986CEFE12F45B7100865F6D /* brand_backoriu_tamsusis.png */ = {isa = PBXFileReference; lastKnownFileType = image.png; name = brand_backoriu_tamsusis.png; path = resources/brands/brand_backoriu_tamsusis.png; sourceTree = "<group>"; };
		C986CEFF12F45B7100865F6D /* brand_belmonto_sviesusis.png */ = {isa = PBXFileReference; lastKnownFileType = image.png; name = brand_belmonto_sviesusis.png; path = resources/brands/brand_belmonto_sviesusis.png; sourceTree = "<group>"; };
		C986CF0012F45B7100865F6D /* brand_belmonto_ypatingas.png */ = {isa = PBXFileReference; lastKnownFileType = image.png; name = brand_belmonto_ypatingas.png; path = resources/brands/brand_belmonto_ypatingas.png; sourceTree = "<group>"; };
		C986CF0112F45B7100865F6D /* brand_bernard_cerne.png */ = {isa = PBXFileReference; lastKnownFileType = image.png; name = brand_bernard_cerne.png; path = resources/brands/brand_bernard_cerne.png; sourceTree = "<group>"; };
		C986CF0212F45B7100865F6D /* brand_birzu_sirvenos.png */ = {isa = PBXFileReference; lastKnownFileType = image.png; name = brand_birzu_sirvenos.png; path = resources/brands/brand_birzu_sirvenos.png; sourceTree = "<group>"; };
		C986CF0312F45B7100865F6D /* brand_bravaria.png */ = {isa = PBXFileReference; lastKnownFileType = image.png; name = brand_bravaria.png; path = resources/brands/brand_bravaria.png; sourceTree = "<group>"; };
		C986CF0412F45B7100865F6D /* brand_budweiser_budar.png */ = {isa = PBXFileReference; lastKnownFileType = image.png; name = brand_budweiser_budar.png; path = resources/brands/brand_budweiser_budar.png; sourceTree = "<group>"; };
		C986CF0512F45B7100865F6D /* brand_busi_trecias.png */ = {isa = PBXFileReference; lastKnownFileType = image.png; name = brand_busi_trecias.png; path = resources/brands/brand_busi_trecias.png; sourceTree = "<group>"; };
		C986CF0612F45B7100865F6D /* brand_butautu_dvaro.png */ = {isa = PBXFileReference; lastKnownFileType = image.png; name = brand_butautu_dvaro.png; path = resources/brands/brand_butautu_dvaro.png; sourceTree = "<group>"; };
		C986CF0712F45B7100865F6D /* brand_chodovar.png */ = {isa = PBXFileReference; lastKnownFileType = image.png; name = brand_chodovar.png; path = resources/brands/brand_chodovar.png; sourceTree = "<group>"; };
		C986CF0812F45B7100865F6D /* brand_daujotu.png */ = {isa = PBXFileReference; lastKnownFileType = image.png; name = brand_daujotu.png; path = resources/brands/brand_daujotu.png; sourceTree = "<group>"; };
		C986CF0912F45B7100865F6D /* brand_default.png */ = {isa = PBXFileReference; lastKnownFileType = image.png; name = brand_default.png; path = resources/brands/brand_default.png; sourceTree = "<group>"; };
		C986CF0A12F45B7100865F6D /* brand_dundulio.png */ = {isa = PBXFileReference; lastKnownFileType = image.png; name = brand_dundulio.png; path = resources/brands/brand_dundulio.png; sourceTree = "<group>"; };
		C986CF0B12F45B7100865F6D /* brand_ekstra_tvirtoves.png */ = {isa = PBXFileReference; lastKnownFileType = image.png; name = brand_ekstra_tvirtoves.png; path = resources/brands/brand_ekstra_tvirtoves.png; sourceTree = "<group>"; };
		C986CF0C12F45B7100865F6D /* brand_erdinger.png */ = {isa = PBXFileReference; lastKnownFileType = image.png; name = brand_erdinger.png; path = resources/brands/brand_erdinger.png; sourceTree = "<group>"; };
		C986CF0D12F45B7100865F6D /* brand_franziskaner.png */ = {isa = PBXFileReference; lastKnownFileType = image.png; name = brand_franziskaner.png; path = resources/brands/brand_franziskaner.png; sourceTree = "<group>"; };
		C986CF0E12F45B7100865F6D /* brand_grimbergen.png */ = {isa = PBXFileReference; lastKnownFileType = image.png; name = brand_grimbergen.png; path = resources/brands/brand_grimbergen.png; sourceTree = "<group>"; };
		C986CF0F12F45B7100865F6D /* brand_gubernijos_kvietinis.png */ = {isa = PBXFileReference; lastKnownFileType = image.png; name = brand_gubernijos_kvietinis.png; path = resources/brands/brand_gubernijos_kvietinis.png; sourceTree = "<group>"; };
		C986CF1012F45B7100865F6D /* brand_guinness.png */ = {isa = PBXFileReference; lastKnownFileType = image.png; name = brand_guinness.png; path = resources/brands/brand_guinness.png; sourceTree = "<group>"; };
		C986CF1112F45B7100865F6D /* brand_heineken.png */ = {isa = PBXFileReference; lastKnownFileType = image.png; name = brand_heineken.png; path = resources/brands/brand_heineken.png; sourceTree = "<group>"; };
		C986CF1212F45B7100865F6D /* brand_hoegaarden.png */ = {isa = PBXFileReference; lastKnownFileType = image.png; name = brand_hoegaarden.png; path = resources/brands/brand_hoegaarden.png; sourceTree = "<group>"; };
		C986CF1312F45B7100865F6D /* brand_jovaru_snekutis.png */ = {isa = PBXFileReference; lastKnownFileType = image.png; name = brand_jovaru_snekutis.png; path = resources/brands/brand_jovaru_snekutis.png; sourceTree = "<group>"; };
		C986CF1412F45B7100865F6D /* brand_kalnapilis_grand.png */ = {isa = PBXFileReference; lastKnownFileType = image.png; name = brand_kalnapilis_grand.png; path = resources/brands/brand_kalnapilis_grand.png; sourceTree = "<group>"; };
		C986CF1512F45B7100865F6D /* brand_kanapinis.png */ = {isa = PBXFileReference; lastKnownFileType = image.png; name = brand_kanapinis.png; path = resources/brands/brand_kanapinis.png; sourceTree = "<group>"; };
		C986CF1612F45B7100865F6D /* brand_katedros_medaus.png */ = {isa = PBXFileReference; lastKnownFileType = image.png; name = brand_katedros_medaus.png; path = resources/brands/brand_katedros_medaus.png; sourceTree = "<group>"; };
		C986CF1712F45B7100865F6D /* brand_katedros_sviesusis.png */ = {isa = PBXFileReference; lastKnownFileType = image.png; name = brand_katedros_sviesusis.png; path = resources/brands/brand_katedros_sviesusis.png; sourceTree = "<group>"; };
		C986CF1812F45B7100865F6D /* brand_katedros_tamsusis.png */ = {isa = PBXFileReference; lastKnownFileType = image.png; name = brand_katedros_tamsusis.png; path = resources/brands/brand_katedros_tamsusis.png; sourceTree = "<group>"; };
		C986CF1912F45B7100865F6D /* brand_kilkenny.png */ = {isa = PBXFileReference; lastKnownFileType = image.png; name = brand_kilkenny.png; path = resources/brands/brand_kilkenny.png; sourceTree = "<group>"; };
		C986CF1A12F45B7100865F6D /* brand_kozel.png */ = {isa = PBXFileReference; lastKnownFileType = image.png; name = brand_kozel.png; path = resources/brands/brand_kozel.png; sourceTree = "<group>"; };
		C986CF1B12F45B7100865F6D /* brand_krusovice.png */ = {isa = PBXFileReference; lastKnownFileType = image.png; name = brand_krusovice.png; path = resources/brands/brand_krusovice.png; sourceTree = "<group>"; };
		C986CF1C12F45B7100865F6D /* brand_kunigaiksciu.png */ = {isa = PBXFileReference; lastKnownFileType = image.png; name = brand_kunigaiksciu.png; path = resources/brands/brand_kunigaiksciu.png; sourceTree = "<group>"; };
		C986CF1D12F45B7100865F6D /* brand_leffe.png */ = {isa = PBXFileReference; lastKnownFileType = image.png; name = brand_leffe.png; path = resources/brands/brand_leffe.png; sourceTree = "<group>"; };
		C986CF1E12F45B7100865F6D /* brand_murphys_stout.png */ = {isa = PBXFileReference; lastKnownFileType = image.png; name = brand_murphys_stout.png; path = resources/brands/brand_murphys_stout.png; sourceTree = "<group>"; };
		C986CF1F12F45B7100865F6D /* brand_new_castle_brown_ale.png */ = {isa = PBXFileReference; lastKnownFileType = image.png; name = brand_new_castle_brown_ale.png; path = resources/brands/brand_new_castle_brown_ale.png; sourceTree = "<group>"; };
		C986CF2012F45B7100865F6D /* brand_pilies_alus.png */ = {isa = PBXFileReference; lastKnownFileType = image.png; name = brand_pilies_alus.png; path = resources/brands/brand_pilies_alus.png; sourceTree = "<group>"; };
		C986CF2112F45B7100865F6D /* brand_raudonuju_dobilu.png */ = {isa = PBXFileReference; lastKnownFileType = image.png; name = brand_raudonuju_dobilu.png; path = resources/brands/brand_raudonuju_dobilu.png; sourceTree = "<group>"; };
		C986CF2212F45B7100865F6D /* brand_rinkuskiu.png */ = {isa = PBXFileReference; lastKnownFileType = image.png; name = brand_rinkuskiu.png; path = resources/brands/brand_rinkuskiu.png; sourceTree = "<group>"; };
		C986CF2312F45B7100865F6D /* brand_samson.png */ = {isa = PBXFileReference; lastKnownFileType = image.png; name = brand_samson.png; path = resources/brands/brand_samson.png; sourceTree = "<group>"; };
		C986CF2412F45B7100865F6D /* brand_staropramen.png */ = {isa = PBXFileReference; lastKnownFileType = image.png; name = brand_staropramen.png; path = resources/brands/brand_staropramen.png; sourceTree = "<group>"; };
		C986CF2512F45B7100865F6D /* brand_svyturys_baltas.png */ = {isa = PBXFileReference; lastKnownFileType = image.png; name = brand_svyturys_baltas.png; path = resources/brands/brand_svyturys_baltas.png; sourceTree = "<group>"; };
		C986CF2612F45B7100865F6D /* brand_svyturys_baltijos.png */ = {isa = PBXFileReference; lastKnownFileType = image.png; name = brand_svyturys_baltijos.png; path = resources/brands/brand_svyturys_baltijos.png; sourceTree = "<group>"; };
		C986CF2712F45B7100865F6D /* brand_svyturys_ekstra.png */ = {isa = PBXFileReference; lastKnownFileType = image.png; name = brand_svyturys_ekstra.png; path = resources/brands/brand_svyturys_ekstra.png; sourceTree = "<group>"; };
		C986CF2812F45B7100865F6D /* brand_tauro_tradicinis.png */ = {isa = PBXFileReference; lastKnownFileType = image.png; name = brand_tauro_tradicinis.png; path = resources/brands/brand_tauro_tradicinis.png; sourceTree = "<group>"; };
		C986CF2912F45B7100865F6D /* brand_tores.png */ = {isa = PBXFileReference; lastKnownFileType = image.png; name = brand_tores.png; path = resources/brands/brand_tores.png; sourceTree = "<group>"; };
		C986CF2A12F45B7100865F6D /* brand_tucher.png */ = {isa = PBXFileReference; lastKnownFileType = image.png; name = brand_tucher.png; path = resources/brands/brand_tucher.png; sourceTree = "<group>"; };
		C986CF2B12F45B7100865F6D /* brand_utenos_dark.png */ = {isa = PBXFileReference; lastKnownFileType = image.png; name = brand_utenos_dark.png; path = resources/brands/brand_utenos_dark.png; sourceTree = "<group>"; };
		C986CF2C12F45B7100865F6D /* brand_utenos.png */ = {isa = PBXFileReference; lastKnownFileType = image.png; name = brand_utenos.png; path = resources/brands/brand_utenos.png; sourceTree = "<group>"; };
		C986CF2D12F45B7100865F6D /* brand_varniuku_alus.png */ = {isa = PBXFileReference; lastKnownFileType = image.png; name = brand_varniuku_alus.png; path = resources/brands/brand_varniuku_alus.png; sourceTree = "<group>"; };
		C986CF2E12F45B7100865F6D /* brand_veltins.png */ = {isa = PBXFileReference; lastKnownFileType = image.png; name = brand_veltins.png; path = resources/brands/brand_veltins.png; sourceTree = "<group>"; };
		C986CF2F12F45B7100865F6D /* brand_velvet.png */ = {isa = PBXFileReference; lastKnownFileType = image.png; name = brand_velvet.png; path = resources/brands/brand_velvet.png; sourceTree = "<group>"; };
		C986CF3012F45B7100865F6D /* brand_vilkmerges_tamsusis.png */ = {isa = PBXFileReference; lastKnownFileType = image.png; name = brand_vilkmerges_tamsusis.png; path = resources/brands/brand_vilkmerges_tamsusis.png; sourceTree = "<group>"; };
		C986CF3112F45B7100865F6D /* brand_vilniaus_kvietinis.png */ = {isa = PBXFileReference; lastKnownFileType = image.png; name = brand_vilniaus_kvietinis.png; path = resources/brands/brand_vilniaus_kvietinis.png; sourceTree = "<group>"; };
		C986CF3212F45B7100865F6D /* brand_vilniaus_nefiltruotas.png */ = {isa = PBXFileReference; lastKnownFileType = image.png; name = brand_vilniaus_nefiltruotas.png; path = resources/brands/brand_vilniaus_nefiltruotas.png; sourceTree = "<group>"; };
		C986CF3312F45B7100865F6D /* brand_zubr.png */ = {isa = PBXFileReference; lastKnownFileType = image.png; name = brand_zubr.png; path = resources/brands/brand_zubr.png; sourceTree = "<group>"; };
		C986CFD812F4703400865F6D /* pub_obuolys.png */ = {isa = PBXFileReference; lastKnownFileType = image.png; name = pub_obuolys.png; path = resources/pubs/pub_obuolys.png; sourceTree = "<group>"; };
		C986CFFE12F4756900865F6D /* pub_alaus_studija@2x.png */ = {isa = PBXFileReference; lastKnownFileType = image.png; name = "pub_alaus_studija@2x.png"; path = "resources/pubs/pub_alaus_studija@2x.png"; sourceTree = "<group>"; };
		C986D00C12F479E000865F6D /* back.png */ = {isa = PBXFileReference; lastKnownFileType = image.png; name = back.png; path = resources/images/back.png; sourceTree = "<group>"; };
		C986D03012F481A100865F6D /* LuckyController.h */ = {isa = PBXFileReference; fileEncoding = 4; lastKnownFileType = sourcecode.c.h; path = LuckyController.h; sourceTree = "<group>"; };
		C986D03112F481A100865F6D /* LuckyController.m */ = {isa = PBXFileReference; fileEncoding = 4; lastKnownFileType = sourcecode.c.objc; path = LuckyController.m; sourceTree = "<group>"; };
		C98A411412FE9582001E04A2 /* SQLiteManager.h */ = {isa = PBXFileReference; fileEncoding = 4; lastKnownFileType = sourcecode.c.h; path = SQLiteManager.h; sourceTree = "<group>"; };
		C98A411512FE9582001E04A2 /* SQLiteManager.m */ = {isa = PBXFileReference; fileEncoding = 4; lastKnownFileType = sourcecode.c.objc; path = SQLiteManager.m; sourceTree = "<group>"; };
		C9911F4512F1F80600AF4ECE /* TextDatabaseService.h */ = {isa = PBXFileReference; fileEncoding = 4; lastKnownFileType = sourcecode.c.h; path = TextDatabaseService.h; sourceTree = "<group>"; };
		C9911F4612F1F80600AF4ECE /* TextDatabaseService.m */ = {isa = PBXFileReference; fileEncoding = 4; lastKnownFileType = sourcecode.c.objc; path = TextDatabaseService.m; sourceTree = "<group>"; };
		C9A3137B12F08E880005ED6C /* PubDetailViewController.h */ = {isa = PBXFileReference; fileEncoding = 4; lastKnownFileType = sourcecode.c.h; path = PubDetailViewController.h; sourceTree = "<group>"; };
		C9A3137C12F08E880005ED6C /* PubDetailViewController.m */ = {isa = PBXFileReference; fileEncoding = 4; lastKnownFileType = sourcecode.c.objc; path = PubDetailViewController.m; sourceTree = "<group>"; };
		C9A3137D12F08E880005ED6C /* PubDetailViewController.xib */ = {isa = PBXFileReference; lastKnownFileType = file.xib; name = PubDetailViewController.xib; path = Classes/PubDetailViewController.xib; sourceTree = "<group>"; };
		C9A313F712F097990005ED6C /* Pub.h */ = {isa = PBXFileReference; fileEncoding = 4; lastKnownFileType = sourcecode.c.h; path = Pub.h; sourceTree = "<group>"; };
		C9A313F812F097990005ED6C /* Pub.m */ = {isa = PBXFileReference; fileEncoding = 4; lastKnownFileType = sourcecode.c.objc; path = Pub.m; sourceTree = "<group>"; };
		C9BC0B9612F5A791002DB792 /* pub_kauno_alus.png */ = {isa = PBXFileReference; lastKnownFileType = image.png; name = pub_kauno_alus.png; path = resources/pubs/pub_kauno_alus.png; sourceTree = "<group>"; };
		C9BC0C4912F5C344002DB792 /* pub_memelis.png */ = {isa = PBXFileReference; lastKnownFileType = image.png; name = pub_memelis.png; path = resources/pubs/pub_memelis.png; sourceTree = "<group>"; };
		C9C1CB4E12EA30B2003C7CC5 /* MapKit.framework */ = {isa = PBXFileReference; lastKnownFileType = wrapper.framework; name = MapKit.framework; path = System/Library/Frameworks/MapKit.framework; sourceTree = SDKROOT; };
		C9C1CB5012EA30BE003C7CC5 /* CoreLocation.framework */ = {isa = PBXFileReference; lastKnownFileType = wrapper.framework; name = CoreLocation.framework; path = System/Library/Frameworks/CoreLocation.framework; sourceTree = SDKROOT; };
		C9CEFD2512FB1BF80010E6FF /* internet.png */ = {isa = PBXFileReference; lastKnownFileType = image.png; name = internet.png; path = resources/images/internet.png; sourceTree = "<group>"; };
		C9D470E513009A5C009C04AF /* Default@2x.png */ = {isa = PBXFileReference; lastKnownFileType = image.png; name = "Default@2x.png"; path = "resources/images/Default@2x.png"; sourceTree = "<group>"; };
		C9D471111300A267009C04AF /* Default.png */ = {isa = PBXFileReference; lastKnownFileType = image.png; name = Default.png; path = resources/images/Default.png; sourceTree = "<group>"; };
		C9D74DC512EF3B9F008DE8E8 /* brands.txt */ = {isa = PBXFileReference; fileEncoding = 4; lastKnownFileType = text; name = brands.txt; path = resources/db/brands.txt; sourceTree = "<group>"; };
		C9D74DC612EF3B9F008DE8E8 /* countries.txt */ = {isa = PBXFileReference; fileEncoding = 4; lastKnownFileType = text; name = countries.txt; path = resources/db/countries.txt; sourceTree = "<group>"; };
		C9D74DC712EF3B9F008DE8E8 /* pubs.txt */ = {isa = PBXFileReference; fileEncoding = 4; lastKnownFileType = text; name = pubs.txt; path = resources/db/pubs.txt; sourceTree = "<group>"; };
		C9D74DC812EF3B9F008DE8E8 /* qoutes.txt */ = {isa = PBXFileReference; fileEncoding = 4; lastKnownFileType = text; name = qoutes.txt; path = resources/db/qoutes.txt; sourceTree = "<group>"; };
		C9D74DC912EF3B9F008DE8E8 /* tags.txt */ = {isa = PBXFileReference; fileEncoding = 4; lastKnownFileType = text; name = tags.txt; path = resources/db/tags.txt; sourceTree = "<group>"; };
		C9DA6F0512F34E0700D9886A /* BeerCounterController.h */ = {isa = PBXFileReference; fileEncoding = 4; lastKnownFileType = sourcecode.c.h; path = BeerCounterController.h; sourceTree = "<group>"; };
		C9DA6F0612F34E0700D9886A /* BeerCounterController.m */ = {isa = PBXFileReference; fileEncoding = 4; lastKnownFileType = sourcecode.c.objc; path = BeerCounterController.m; sourceTree = "<group>"; };
		C9E5021212EE0D3F00ADD54C /* BrandsViewController.m */ = {isa = PBXFileReference; fileEncoding = 4; lastKnownFileType = sourcecode.c.objc; path = BrandsViewController.m; sourceTree = "<group>"; };
		C9E5021312EE0D3F00ADD54C /* BrandsViewController.xib */ = {isa = PBXFileReference; lastKnownFileType = file.xib; name = BrandsViewController.xib; path = Classes/BrandsViewController.xib; sourceTree = "<group>"; };
		C9E8E25512F9FAD400E927C1 /* beer-radar-db.sqlite */ = {isa = PBXFileReference; lastKnownFileType = file; path = "beer-radar-db.sqlite"; sourceTree = "<group>"; };
		C9E8E26512F9FB0600E927C1 /* libsqlite3.0.dylib */ = {isa = PBXFileReference; lastKnownFileType = "compiled.mach-o.dylib"; name = libsqlite3.0.dylib; path = usr/lib/libsqlite3.0.dylib; sourceTree = SDKROOT; };
		C9EDF27412F89F8E00E9069A /* close.png */ = {isa = PBXFileReference; lastKnownFileType = image.png; name = close.png; path = resources/images/close.png; sourceTree = "<group>"; };
/* End PBXFileReference section */

/* Begin PBXFrameworksBuildPhase section */
		1D60588F0D05DD3D006BFB54 /* Frameworks */ = {
			isa = PBXFrameworksBuildPhase;
			buildActionMask = 2147483647;
			files = (
				1D60589F0D05DD5A006BFB54 /* Foundation.framework in Frameworks */,
				1DF5F4E00D08C38300B7A737 /* UIKit.framework in Frameworks */,
				288765A50DF7441C002DB57D /* CoreGraphics.framework in Frameworks */,
				C9C1CB4F12EA30B2003C7CC5 /* MapKit.framework in Frameworks */,
				C9C1CB5112EA30BE003C7CC5 /* CoreLocation.framework in Frameworks */,
				C9E8E26612F9FB0600E927C1 /* libsqlite3.0.dylib in Frameworks */,
			);
			runOnlyForDeploymentPostprocessing = 0;
		};
/* End PBXFrameworksBuildPhase section */

/* Begin PBXGroup section */
		080E96DDFE201D6D7F000001 /* Classes */ = {
			isa = PBXGroup;
			children = (
				1D3623240D0F684500981E51 /* AlausRadarasAppDelegate.h */,
				1D3623250D0F684500981E51 /* AlausRadarasAppDelegate.m */,
				28D7ACF60DDB3853001CB0EB /* AlausRadarasViewController.h */,
				28D7ACF70DDB3853001CB0EB /* AlausRadarasViewController.m */,
				C9DA6F0512F34E0700D9886A /* BeerCounterController.h */,
				C9DA6F0612F34E0700D9886A /* BeerCounterController.m */,
				C986D03012F481A100865F6D /* LuckyController.h */,
				C986D03112F481A100865F6D /* LuckyController.m */,
				C92E5A3D12EE1DC900412BFA /* BrandsViewController.h */,
				C9E5021212EE0D3F00ADD54C /* BrandsViewController.m */,
				C92E59A812EE146E00412BFA /* BrandsTableCell.h */,
				C92E59A912EE146E00412BFA /* BrandsTableCell.m */,
				C97683C112F21C0B00D4E9F3 /* BrandsDetailViewController.h */,
				C97683C212F21C0B00D4E9F3 /* BrandsDetailViewController.m */,
				C9642B3612EE35940033F9B8 /* MapViewController.h */,
				C9642B3712EE35940033F9B8 /* MapViewController.m */,
				C953E80A12EF5B7B001BD656 /* PubAnnotation.h */,
				C953E80B12EF5B7B001BD656 /* PubAnnotation.m */,
				C9A3137B12F08E880005ED6C /* PubDetailViewController.h */,
				C9A3137C12F08E880005ED6C /* PubDetailViewController.m */,
			);
			path = Classes;
			sourceTree = "<group>";
		};
		19C28FACFE9D520D11CA2CBB /* Products */ = {
			isa = PBXGroup;
			children = (
				1D6058910D05DD3D006BFB54 /* AlausRadaras.app */,
			);
			name = Products;
			sourceTree = "<group>";
		};
		29B97314FDCFA39411CA2CEA /* CustomTemplate */ = {
			isa = PBXGroup;
			children = (
				C916C31912FC7B8700AF396A /* FMDB */,
				C9911F4112F1F7BE00AF4ECE /* Services */,
				C98EDF7A12EB665B00D8B4A0 /* Domain */,
				080E96DDFE201D6D7F000001 /* Classes */,
				29B97315FDCFA39411CA2CEA /* Other Sources */,
				29B97317FDCFA39411CA2CEA /* Resources */,
				29B97323FDCFA39411CA2CEA /* Frameworks */,
				19C28FACFE9D520D11CA2CBB /* Products */,
			);
			name = CustomTemplate;
			sourceTree = "<group>";
		};
		29B97315FDCFA39411CA2CEA /* Other Sources */ = {
			isa = PBXGroup;
			children = (
				32CA4F630368D1EE00C91783 /* AlausRadaras_Prefix.pch */,
				29B97316FDCFA39411CA2CEA /* main.m */,
			);
			name = "Other Sources";
			sourceTree = "<group>";
		};
		29B97317FDCFA39411CA2CEA /* Resources */ = {
			isa = PBXGroup;
			children = (
				C986CFD512F4702D00865F6D /* pubs */,
				C9A941DA12EA129B00992FAD /* images */,
				C9D74E7212EF4727008DE8E8 /* brands */,
				C9D74DC212EF3B4F008DE8E8 /* db */,
				C9071A7612FED00E00BDA053 /* beer-radar-schema.sqlite */,
				8D1107310486CEB800E47090 /* AlausRadaras-Info.plist */,
				C9E8E25512F9FAD400E927C1 /* beer-radar-db.sqlite */,
				28AD733E0D9D9553002E5188 /* MainWindow.xib */,
				2899E5210DE3E06400AC0155 /* AlausRadarasViewController.xib */,
				C9E5021312EE0D3F00ADD54C /* BrandsViewController.xib */,
				C92E59AA12EE146E00412BFA /* BrandsTableCell.xib */,
				C9642B3812EE35940033F9B8 /* MapViewController.xib */,
				C9A3137D12F08E880005ED6C /* PubDetailViewController.xib */,
			);
			name = Resources;
			sourceTree = "<group>";
		};
		29B97323FDCFA39411CA2CEA /* Frameworks */ = {
			isa = PBXGroup;
			children = (
				C9E8E26512F9FB0600E927C1 /* libsqlite3.0.dylib */,
				C9C1CB4E12EA30B2003C7CC5 /* MapKit.framework */,
				C9C1CB5012EA30BE003C7CC5 /* CoreLocation.framework */,
				1DF5F4DF0D08C38300B7A737 /* UIKit.framework */,
				1D30AB110D05D00D00671497 /* Foundation.framework */,
				288765A40DF7441C002DB57D /* CoreGraphics.framework */,
			);
			name = Frameworks;
			sourceTree = "<group>";
		};
		C916C31912FC7B8700AF396A /* FMDB */ = {
			isa = PBXGroup;
			children = (
				C916C32612FC7B9300AF396A /* FMResultSet.m */,
				C916C32712FC7B9300AF396A /* FMResultSet.h */,
				C916C32912FC7B9300AF396A /* FMDatabaseAdditions.m */,
				C916C32A12FC7B9300AF396A /* FMDatabaseAdditions.h */,
				C916C32B12FC7B9300AF396A /* FMDatabase.m */,
				C916C32C12FC7B9300AF396A /* FMDatabase.h */,
			);
			name = FMDB;
			sourceTree = "<group>";
		};
		C986CFD512F4702D00865F6D /* pubs */ = {
			isa = PBXGroup;
			children = (
				C928FC0312FE012800D19918 /* pub_wall_street.png */,
				C928FBF312FE00AB00D19918 /* pub_alaus_namai.png */,
				C928FBF412FE00AB00D19918 /* pub_bobo.png */,
				C928FBF512FE00AB00D19918 /* pub_bunte_gans.png */,
				C928FBF612FE00AB00D19918 /* pub_pogo.png */,
				C928FBF812FE00AB00D19918 /* pub_cactus.png */,
				C928FBF912FE00AB00D19918 /* pub_avilys.png */,
				C9BC0C4912F5C344002DB792 /* pub_memelis.png */,
				C9BC0B9612F5A791002DB792 /* pub_kauno_alus.png */,
				C986CFFE12F4756900865F6D /* pub_alaus_studija@2x.png */,
				C986CFD812F4703400865F6D /* pub_obuolys.png */,
			);
			name = pubs;
			sourceTree = "<group>";
		};
		C98EDF7A12EB665B00D8B4A0 /* Domain */ = {
			isa = PBXGroup;
			children = (
				C953E93812EF718D001BD656 /* Brand.h */,
				C953E93912EF718D001BD656 /* Brand.m */,
				C9A313F712F097990005ED6C /* Pub.h */,
				C9A313F812F097990005ED6C /* Pub.m */,
				C976847712F22A2900D4E9F3 /* CodeValue.h */,
				C976847812F22A2900D4E9F3 /* CodeValue.m */,
				C96A85F512F7516F0021B30B /* FeelingLucky.h */,
				C96A85F612F7516F0021B30B /* FeelingLucky.m */,
			);
			name = Domain;
			sourceTree = "<group>";
		};
		C9911F4112F1F7BE00AF4ECE /* Services */ = {
			isa = PBXGroup;
			children = (
				C9911F4512F1F80600AF4ECE /* TextDatabaseService.h */,
				C9911F4612F1F80600AF4ECE /* TextDatabaseService.m */,
				C98A411412FE9582001E04A2 /* SQLiteManager.h */,
				C98A411512FE9582001E04A2 /* SQLiteManager.m */,
			);
			name = Services;
			sourceTree = "<group>";
		};
		C9A941DA12EA129B00992FAD /* images */ = {
			isa = PBXGroup;
			children = (
				C9D471041300A198009C04AF /* apple */,
				C9071C1F12FF31F500BDA053 /* kur_as.png */,
				C9071B0F12FEDDB900BDA053 /* bokalas_btn.png */,
				C9CEFD2512FB1BF80010E6FF /* internet.png */,
				C9EDF27412F89F8E00E9069A /* close.png */,
				C96A86AC12F76AE70021B30B /* bottle_cap_back.png */,
				C96A86A612F767E40021B30B /* bottle_cap.png */,
				C986D00C12F479E000865F6D /* back.png */,
				C960135112F0C69200DB53C0 /* batonas.png */,
				C960135212F0C69200DB53C0 /* bokalas_vol_3.png */,
				C960135312F0C69200DB53C0 /* burbuliukas.png */,
				C960135412F0C69200DB53C0 /* call.png */,
				C960135512F0C69200DB53C0 /* directions.png */,
				C960135612F0C69200DB53C0 /* lucky.png */,
				C960135712F0C69200DB53C0 /* map_01.png */,
				C960135812F0C69200DB53C0 /* map_02.png */,
				C960135B12F0C69200DB53C0 /* pin.png */,
				C986CB4312F3F83800865F6D /* pin@2x.png */,
				C960135C12F0C69200DB53C0 /* tag_01.png */,
				C960135D12F0C69200DB53C0 /* tag_02.png */,
			);
			name = images;
			sourceTree = "<group>";
		};
		C9D471041300A198009C04AF /* apple */ = {
			isa = PBXGroup;
			children = (
				C90AA23A1300AAB5002EE7AA /* Icon-Small.png */,
				C90AA23B1300AAB5002EE7AA /* Icon-Small@2x.png */,
				C90AA23C1300AAB5002EE7AA /* Icon.png */,
				C90AA23D1300AAB5002EE7AA /* Icon@2x.png */,
				C960135012F0C69200DB53C0 /* background.png */,
				C986CB3C12F3F74300865F6D /* background@2x.png */,
				C9D471111300A267009C04AF /* Default.png */,
				C9D470E513009A5C009C04AF /* Default@2x.png */,
			);
			name = apple;
			sourceTree = "<group>";
		};
		C9D74DC212EF3B4F008DE8E8 /* db */ = {
			isa = PBXGroup;
			children = (
				C9D74DC512EF3B9F008DE8E8 /* brands.txt */,
				C9D74DC612EF3B9F008DE8E8 /* countries.txt */,
				C9D74DC712EF3B9F008DE8E8 /* pubs.txt */,
				C9D74DC812EF3B9F008DE8E8 /* qoutes.txt */,
				C9D74DC912EF3B9F008DE8E8 /* tags.txt */,
			);
			name = db;
			sourceTree = "<group>";
		};
		C9D74E7212EF4727008DE8E8 /* brands */ = {
			isa = PBXGroup;
			children = (
				C986CEFE12F45B7100865F6D /* brand_backoriu_tamsusis.png */,
				C986CEFF12F45B7100865F6D /* brand_belmonto_sviesusis.png */,
				C986CF0012F45B7100865F6D /* brand_belmonto_ypatingas.png */,
				C986CF0112F45B7100865F6D /* brand_bernard_cerne.png */,
				C986CF0212F45B7100865F6D /* brand_birzu_sirvenos.png */,
				C986CF0312F45B7100865F6D /* brand_bravaria.png */,
				C986CF0412F45B7100865F6D /* brand_budweiser_budar.png */,
				C986CF0512F45B7100865F6D /* brand_busi_trecias.png */,
				C986CF0612F45B7100865F6D /* brand_butautu_dvaro.png */,
				C986CF0712F45B7100865F6D /* brand_chodovar.png */,
				C986CF0812F45B7100865F6D /* brand_daujotu.png */,
				C986CF0912F45B7100865F6D /* brand_default.png */,
				C986CF0A12F45B7100865F6D /* brand_dundulio.png */,
				C986CF0B12F45B7100865F6D /* brand_ekstra_tvirtoves.png */,
				C986CF0C12F45B7100865F6D /* brand_erdinger.png */,
				C986CF0D12F45B7100865F6D /* brand_franziskaner.png */,
				C986CF0E12F45B7100865F6D /* brand_grimbergen.png */,
				C986CF0F12F45B7100865F6D /* brand_gubernijos_kvietinis.png */,
				C986CF1012F45B7100865F6D /* brand_guinness.png */,
				C986CF1112F45B7100865F6D /* brand_heineken.png */,
				C986CF1212F45B7100865F6D /* brand_hoegaarden.png */,
				C986CF1312F45B7100865F6D /* brand_jovaru_snekutis.png */,
				C986CF1412F45B7100865F6D /* brand_kalnapilis_grand.png */,
				C986CF1512F45B7100865F6D /* brand_kanapinis.png */,
				C986CF1612F45B7100865F6D /* brand_katedros_medaus.png */,
				C986CF1712F45B7100865F6D /* brand_katedros_sviesusis.png */,
				C986CF1812F45B7100865F6D /* brand_katedros_tamsusis.png */,
				C986CF1912F45B7100865F6D /* brand_kilkenny.png */,
				C986CF1A12F45B7100865F6D /* brand_kozel.png */,
				C986CF1B12F45B7100865F6D /* brand_krusovice.png */,
				C986CF1C12F45B7100865F6D /* brand_kunigaiksciu.png */,
				C986CF1D12F45B7100865F6D /* brand_leffe.png */,
				C986CF1E12F45B7100865F6D /* brand_murphys_stout.png */,
				C986CF1F12F45B7100865F6D /* brand_new_castle_brown_ale.png */,
				C986CF2012F45B7100865F6D /* brand_pilies_alus.png */,
				C986CF2112F45B7100865F6D /* brand_raudonuju_dobilu.png */,
				C986CF2212F45B7100865F6D /* brand_rinkuskiu.png */,
				C986CF2312F45B7100865F6D /* brand_samson.png */,
				C986CF2412F45B7100865F6D /* brand_staropramen.png */,
				C986CF2512F45B7100865F6D /* brand_svyturys_baltas.png */,
				C986CF2612F45B7100865F6D /* brand_svyturys_baltijos.png */,
				C986CF2712F45B7100865F6D /* brand_svyturys_ekstra.png */,
				C986CF2812F45B7100865F6D /* brand_tauro_tradicinis.png */,
				C986CF2912F45B7100865F6D /* brand_tores.png */,
				C986CF2A12F45B7100865F6D /* brand_tucher.png */,
				C986CF2B12F45B7100865F6D /* brand_utenos_dark.png */,
				C986CF2C12F45B7100865F6D /* brand_utenos.png */,
				C986CF2D12F45B7100865F6D /* brand_varniuku_alus.png */,
				C986CF2E12F45B7100865F6D /* brand_veltins.png */,
				C986CF2F12F45B7100865F6D /* brand_velvet.png */,
				C986CF3012F45B7100865F6D /* brand_vilkmerges_tamsusis.png */,
				C986CF3112F45B7100865F6D /* brand_vilniaus_kvietinis.png */,
				C986CF3212F45B7100865F6D /* brand_vilniaus_nefiltruotas.png */,
				C986CF3312F45B7100865F6D /* brand_zubr.png */,
			);
			name = brands;
			sourceTree = "<group>";
		};
/* End PBXGroup section */

/* Begin PBXNativeTarget section */
		1D6058900D05DD3D006BFB54 /* AlausRadaras */ = {
			isa = PBXNativeTarget;
			buildConfigurationList = 1D6058960D05DD3E006BFB54 /* Build configuration list for PBXNativeTarget "AlausRadaras" */;
			buildPhases = (
				1D60588D0D05DD3D006BFB54 /* Resources */,
				1D60588E0D05DD3D006BFB54 /* Sources */,
				1D60588F0D05DD3D006BFB54 /* Frameworks */,
			);
			buildRules = (
			);
			dependencies = (
			);
			name = AlausRadaras;
			productName = AlausRadaras;
			productReference = 1D6058910D05DD3D006BFB54 /* AlausRadaras.app */;
			productType = "com.apple.product-type.application";
		};
/* End PBXNativeTarget section */

/* Begin PBXProject section */
		29B97313FDCFA39411CA2CEA /* Project object */ = {
			isa = PBXProject;
			buildConfigurationList = C01FCF4E08A954540054247B /* Build configuration list for PBXProject "AlausRadaras" */;
			compatibilityVersion = "Xcode 3.1";
			developmentRegion = English;
			hasScannedForEncodings = 1;
			knownRegions = (
				English,
				Japanese,
				French,
				German,
			);
			mainGroup = 29B97314FDCFA39411CA2CEA /* CustomTemplate */;
			projectDirPath = "";
			projectRoot = "";
			targets = (
				1D6058900D05DD3D006BFB54 /* AlausRadaras */,
			);
		};
/* End PBXProject section */

/* Begin PBXResourcesBuildPhase section */
		1D60588D0D05DD3D006BFB54 /* Resources */ = {
			isa = PBXResourcesBuildPhase;
			buildActionMask = 2147483647;
			files = (
				28AD733F0D9D9553002E5188 /* MainWindow.xib in Resources */,
				2899E5220DE3E06400AC0155 /* AlausRadarasViewController.xib in Resources */,
				C9E5021512EE0D3F00ADD54C /* BrandsViewController.xib in Resources */,
				C92E59AC12EE146E00412BFA /* BrandsTableCell.xib in Resources */,
				C9642B3A12EE35940033F9B8 /* MapViewController.xib in Resources */,
				C9D74DCA12EF3B9F008DE8E8 /* brands.txt in Resources */,
				C9D74DCB12EF3B9F008DE8E8 /* countries.txt in Resources */,
				C9D74DCC12EF3B9F008DE8E8 /* pubs.txt in Resources */,
				C9D74DCD12EF3B9F008DE8E8 /* qoutes.txt in Resources */,
				C9D74DCE12EF3B9F008DE8E8 /* tags.txt in Resources */,
				C9A3137F12F08E880005ED6C /* PubDetailViewController.xib in Resources */,
				C960135E12F0C69200DB53C0 /* background.png in Resources */,
				C960135F12F0C69200DB53C0 /* batonas.png in Resources */,
				C960136012F0C69200DB53C0 /* bokalas_vol_3.png in Resources */,
				C960136112F0C69200DB53C0 /* burbuliukas.png in Resources */,
				C960136212F0C69200DB53C0 /* call.png in Resources */,
				C960136312F0C69200DB53C0 /* directions.png in Resources */,
				C960136412F0C69200DB53C0 /* lucky.png in Resources */,
				C960136512F0C69200DB53C0 /* map_01.png in Resources */,
				C960136612F0C69200DB53C0 /* map_02.png in Resources */,
				C960136912F0C69200DB53C0 /* pin.png in Resources */,
				C960136A12F0C69200DB53C0 /* tag_01.png in Resources */,
				C960136B12F0C69200DB53C0 /* tag_02.png in Resources */,
				C986CB3D12F3F74300865F6D /* background@2x.png in Resources */,
				C986CB4412F3F83800865F6D /* pin@2x.png in Resources */,
				C986CF3412F45B7100865F6D /* brand_backoriu_tamsusis.png in Resources */,
				C986CF3512F45B7100865F6D /* brand_belmonto_sviesusis.png in Resources */,
				C986CF3612F45B7100865F6D /* brand_belmonto_ypatingas.png in Resources */,
				C986CF3712F45B7100865F6D /* brand_bernard_cerne.png in Resources */,
				C986CF3812F45B7100865F6D /* brand_birzu_sirvenos.png in Resources */,
				C986CF3912F45B7100865F6D /* brand_bravaria.png in Resources */,
				C986CF3A12F45B7100865F6D /* brand_budweiser_budar.png in Resources */,
				C986CF3B12F45B7100865F6D /* brand_busi_trecias.png in Resources */,
				C986CF3C12F45B7100865F6D /* brand_butautu_dvaro.png in Resources */,
				C986CF3D12F45B7100865F6D /* brand_chodovar.png in Resources */,
				C986CF3E12F45B7100865F6D /* brand_daujotu.png in Resources */,
				C986CF3F12F45B7100865F6D /* brand_default.png in Resources */,
				C986CF4012F45B7100865F6D /* brand_dundulio.png in Resources */,
				C986CF4112F45B7100865F6D /* brand_ekstra_tvirtoves.png in Resources */,
				C986CF4212F45B7100865F6D /* brand_erdinger.png in Resources */,
				C986CF4312F45B7100865F6D /* brand_franziskaner.png in Resources */,
				C986CF4412F45B7100865F6D /* brand_grimbergen.png in Resources */,
				C986CF4512F45B7100865F6D /* brand_gubernijos_kvietinis.png in Resources */,
				C986CF4612F45B7100865F6D /* brand_guinness.png in Resources */,
				C986CF4712F45B7100865F6D /* brand_heineken.png in Resources */,
				C986CF4812F45B7100865F6D /* brand_hoegaarden.png in Resources */,
				C986CF4912F45B7100865F6D /* brand_jovaru_snekutis.png in Resources */,
				C986CF4A12F45B7100865F6D /* brand_kalnapilis_grand.png in Resources */,
				C986CF4B12F45B7100865F6D /* brand_kanapinis.png in Resources */,
				C986CF4C12F45B7100865F6D /* brand_katedros_medaus.png in Resources */,
				C986CF4D12F45B7100865F6D /* brand_katedros_sviesusis.png in Resources */,
				C986CF4E12F45B7100865F6D /* brand_katedros_tamsusis.png in Resources */,
				C986CF4F12F45B7100865F6D /* brand_kilkenny.png in Resources */,
				C986CF5012F45B7100865F6D /* brand_kozel.png in Resources */,
				C986CF5112F45B7100865F6D /* brand_krusovice.png in Resources */,
				C986CF5212F45B7100865F6D /* brand_kunigaiksciu.png in Resources */,
				C986CF5312F45B7100865F6D /* brand_leffe.png in Resources */,
				C986CF5412F45B7100865F6D /* brand_murphys_stout.png in Resources */,
				C986CF5512F45B7100865F6D /* brand_new_castle_brown_ale.png in Resources */,
				C986CF5612F45B7100865F6D /* brand_pilies_alus.png in Resources */,
				C986CF5712F45B7100865F6D /* brand_raudonuju_dobilu.png in Resources */,
				C986CF5812F45B7100865F6D /* brand_rinkuskiu.png in Resources */,
				C986CF5912F45B7100865F6D /* brand_samson.png in Resources */,
				C986CF5A12F45B7100865F6D /* brand_staropramen.png in Resources */,
				C986CF5B12F45B7100865F6D /* brand_svyturys_baltas.png in Resources */,
				C986CF5C12F45B7100865F6D /* brand_svyturys_baltijos.png in Resources */,
				C986CF5D12F45B7100865F6D /* brand_svyturys_ekstra.png in Resources */,
				C986CF5E12F45B7100865F6D /* brand_tauro_tradicinis.png in Resources */,
				C986CF5F12F45B7100865F6D /* brand_tores.png in Resources */,
				C986CF6012F45B7100865F6D /* brand_tucher.png in Resources */,
				C986CF6112F45B7100865F6D /* brand_utenos_dark.png in Resources */,
				C986CF6212F45B7100865F6D /* brand_utenos.png in Resources */,
				C986CF6312F45B7100865F6D /* brand_varniuku_alus.png in Resources */,
				C986CF6412F45B7100865F6D /* brand_veltins.png in Resources */,
				C986CF6512F45B7100865F6D /* brand_velvet.png in Resources */,
				C986CF6612F45B7100865F6D /* brand_vilkmerges_tamsusis.png in Resources */,
				C986CF6712F45B7100865F6D /* brand_vilniaus_kvietinis.png in Resources */,
				C986CF6812F45B7100865F6D /* brand_vilniaus_nefiltruotas.png in Resources */,
				C986CF6912F45B7100865F6D /* brand_zubr.png in Resources */,
				C986CFD912F4703400865F6D /* pub_obuolys.png in Resources */,
				C986CFFF12F4756900865F6D /* pub_alaus_studija@2x.png in Resources */,
				C986D00D12F479E100865F6D /* back.png in Resources */,
				C9BC0B9712F5A791002DB792 /* pub_kauno_alus.png in Resources */,
				C9BC0C4A12F5C344002DB792 /* pub_memelis.png in Resources */,
				C96A86A712F767E40021B30B /* bottle_cap.png in Resources */,
				C96A86AD12F76AE70021B30B /* bottle_cap_back.png in Resources */,
				C9EDF27512F89F8E00E9069A /* close.png in Resources */,
				C9E8E25612F9FAD400E927C1 /* beer-radar-db.sqlite in Resources */,
				C9CEFD2612FB1BF80010E6FF /* internet.png in Resources */,
				C928FBFA12FE00AB00D19918 /* pub_alaus_namai.png in Resources */,
				C928FBFB12FE00AB00D19918 /* pub_bobo.png in Resources */,
				C928FBFC12FE00AB00D19918 /* pub_bunte_gans.png in Resources */,
				C928FBFD12FE00AB00D19918 /* pub_pogo.png in Resources */,
				C928FBFF12FE00AB00D19918 /* pub_cactus.png in Resources */,
				C928FC0012FE00AB00D19918 /* pub_avilys.png in Resources */,
				C928FC0412FE012800D19918 /* pub_wall_street.png in Resources */,
				C9071A7712FED00E00BDA053 /* beer-radar-schema.sqlite in Resources */,
				C9071B1012FEDDB900BDA053 /* bokalas_btn.png in Resources */,
				C9071C2012FF31F500BDA053 /* kur_as.png in Resources */,
				C9D470E613009A5C009C04AF /* Default@2x.png in Resources */,
				C9D471121300A267009C04AF /* Default.png in Resources */,
				C90AA23E1300AAB5002EE7AA /* Icon-Small.png in Resources */,
				C90AA23F1300AAB5002EE7AA /* Icon-Small@2x.png in Resources */,
				C90AA2401300AAB5002EE7AA /* Icon.png in Resources */,
				C90AA2411300AAB5002EE7AA /* Icon@2x.png in Resources */,
			);
			runOnlyForDeploymentPostprocessing = 0;
		};
/* End PBXResourcesBuildPhase section */

/* Begin PBXSourcesBuildPhase section */
		1D60588E0D05DD3D006BFB54 /* Sources */ = {
			isa = PBXSourcesBuildPhase;
			buildActionMask = 2147483647;
			files = (
				1D60589B0D05DD56006BFB54 /* main.m in Sources */,
				1D3623260D0F684500981E51 /* AlausRadarasAppDelegate.m in Sources */,
				28D7ACF80DDB3853001CB0EB /* AlausRadarasViewController.m in Sources */,
				C9E5021412EE0D3F00ADD54C /* BrandsViewController.m in Sources */,
				C92E59AB12EE146E00412BFA /* BrandsTableCell.m in Sources */,
				C9642B3912EE35940033F9B8 /* MapViewController.m in Sources */,
				C953E80C12EF5B7B001BD656 /* PubAnnotation.m in Sources */,
				C953E93A12EF718D001BD656 /* Brand.m in Sources */,
				C9A3137E12F08E880005ED6C /* PubDetailViewController.m in Sources */,
				C9A313F912F097990005ED6C /* Pub.m in Sources */,
				C9911F4712F1F80600AF4ECE /* TextDatabaseService.m in Sources */,
				C97683C312F21C0B00D4E9F3 /* BrandsDetailViewController.m in Sources */,
				C976847912F22A2900D4E9F3 /* CodeValue.m in Sources */,
				C9DA6F0712F34E0700D9886A /* BeerCounterController.m in Sources */,
				C986D03212F481A100865F6D /* LuckyController.m in Sources */,
				C96A85F712F7516F0021B30B /* FeelingLucky.m in Sources */,
				C916C32D12FC7B9300AF396A /* FMResultSet.m in Sources */,
				C916C32F12FC7B9300AF396A /* FMDatabaseAdditions.m in Sources */,
				C916C33012FC7B9300AF396A /* FMDatabase.m in Sources */,
				C98A411612FE9582001E04A2 /* SQLiteManager.m in Sources */,
			);
			runOnlyForDeploymentPostprocessing = 0;
		};
/* End PBXSourcesBuildPhase section */

/* Begin XCBuildConfiguration section */
		1D6058940D05DD3E006BFB54 /* Debug */ = {
			isa = XCBuildConfiguration;
			buildSettings = {
				ALWAYS_SEARCH_USER_PATHS = NO;
				COPY_PHASE_STRIP = NO;
				GCC_DYNAMIC_NO_PIC = NO;
				GCC_OPTIMIZATION_LEVEL = 0;
				GCC_PRECOMPILE_PREFIX_HEADER = YES;
				GCC_PREFIX_HEADER = AlausRadaras_Prefix.pch;
				INFOPLIST_FILE = "AlausRadaras-Info.plist";
				PRODUCT_NAME = AlausRadaras;
			};
			name = Debug;
		};
		1D6058950D05DD3E006BFB54 /* Release */ = {
			isa = XCBuildConfiguration;
			buildSettings = {
				ALWAYS_SEARCH_USER_PATHS = NO;
				COPY_PHASE_STRIP = YES;
				GCC_PRECOMPILE_PREFIX_HEADER = YES;
				GCC_PREFIX_HEADER = AlausRadaras_Prefix.pch;
				INFOPLIST_FILE = "AlausRadaras-Info.plist";
				PRODUCT_NAME = AlausRadaras;
				VALIDATE_PRODUCT = YES;
			};
			name = Release;
		};
		C01FCF4F08A954540054247B /* Debug */ = {
			isa = XCBuildConfiguration;
			buildSettings = {
				ARCHS = "$(ARCHS_STANDARD_32_BIT)";
				CODE_SIGN_IDENTITY = "iPhone Developer: Gytis Ramanauskas (TYGM56FZKH)";
				"CODE_SIGN_IDENTITY[sdk=iphoneos*]" = "iPhone Developer: Gytis Ramanauskas (TYGM56FZKH)";
				GCC_C_LANGUAGE_STANDARD = c99;
				GCC_WARN_ABOUT_RETURN_TYPE = YES;
				GCC_WARN_UNUSED_VARIABLE = YES;
				IPHONEOS_DEPLOYMENT_TARGET = 3.1.2;
				PREBINDING = NO;
				SDKROOT = iphoneos4.2;
				SYMROOT = /Users/laurynasr/Documents/xCodeProjects/AlausRadaras/build;
			};
			name = Debug;
		};
		C01FCF5008A954540054247B /* Release */ = {
			isa = XCBuildConfiguration;
			buildSettings = {
				ARCHS = "$(ARCHS_STANDARD_32_BIT)";
				CODE_SIGN_IDENTITY = "iPhone Developer: Gytis Ramanauskas (TYGM56FZKH)";
				"CODE_SIGN_IDENTITY[sdk=iphoneos*]" = "iPhone Developer: Gytis Ramanauskas (TYGM56FZKH)";
				GCC_C_LANGUAGE_STANDARD = c99;
				GCC_WARN_ABOUT_RETURN_TYPE = YES;
				GCC_WARN_UNUSED_VARIABLE = YES;
				IPHONEOS_DEPLOYMENT_TARGET = 4.0;
				OTHER_CFLAGS = "-DNS_BLOCK_ASSERTIONS=1";
				PREBINDING = NO;
				SDKROOT = iphoneos4.2;
			};
			name = Release;
		};
/* End XCBuildConfiguration section */

/* Begin XCConfigurationList section */
		1D6058960D05DD3E006BFB54 /* Build configuration list for PBXNativeTarget "AlausRadaras" */ = {
			isa = XCConfigurationList;
			buildConfigurations = (
				1D6058940D05DD3E006BFB54 /* Debug */,
				1D6058950D05DD3E006BFB54 /* Release */,
			);
			defaultConfigurationIsVisible = 0;
			defaultConfigurationName = Release;
		};
		C01FCF4E08A954540054247B /* Build configuration list for PBXProject "AlausRadaras" */ = {
			isa = XCConfigurationList;
			buildConfigurations = (
				C01FCF4F08A954540054247B /* Debug */,
				C01FCF5008A954540054247B /* Release */,
			);
			defaultConfigurationIsVisible = 0;
			defaultConfigurationName = Release;
		};
/* End XCConfigurationList section */
	};
	rootObject = 29B97313FDCFA39411CA2CEA /* Project object */;
}
